PODS:
  - Alamofire (5.5.0)
  - KakaoSDKAuth (2.8.5):
    - KakaoSDKCommon (= 2.8.5)
  - KakaoSDKCommon (2.8.5):
    - KakaoSDKCommon/Common (= 2.8.5)
    - KakaoSDKCommon/Network (= 2.8.5)
  - KakaoSDKCommon/Common (2.8.5)
  - KakaoSDKCommon/Network (2.8.5):
    - Alamofire (~> 5.1)
    - KakaoSDKCommon/Common (= 2.8.5)
  - KakaoSDKUser (2.8.5):
    - KakaoSDKAuth (= 2.8.5)
  - Moya (14.0.0):
    - Moya/Core (= 14.0.0)
  - Moya/Core (14.0.0):
    - Alamofire (~> 5.0)
  - SnapKit (5.0.1)
  - Then (2.7.0)

DEPENDENCIES:
  - KakaoSDKAuth
  - KakaoSDKCommon
  - KakaoSDKUser
  - Moya (~> 14.0)
  - SnapKit (~> 5.0.0)
  - Then

SPEC REPOS:
  trunk:
    - Alamofire
    - KakaoSDKAuth
    - KakaoSDKCommon
    - KakaoSDKUser
    - Moya
    - SnapKit
    - Then

SPEC CHECKSUMS:
  Alamofire: 1c4fb5369c3fe93d2857c780d8bbe09f06f97e7c
  KakaoSDKAuth: a9033bd3fbbb9a8c74dcd0dbd7705f7a2bc50ff1
  KakaoSDKCommon: b98d08cf838effdc9b82aca7dee3e50c048880ca
  KakaoSDKUser: a76667bb06c1d5072178eea5cee4ac9fdba94679
  Moya: 5b45dacb75adb009f97fde91c204c1e565d31916
  SnapKit: 97b92857e3df3a0c71833cce143274bf6ef8e5eb
  Then: acfe0be7e98221c6204e12f8161459606d5d822d

PODFILE CHECKSUM: 7a36d6500ed45ebe92d204541e142757464facb3

COCOAPODS: 1.11.2
