// !$*UTF8*$!
{
	archiveVersion = 1;
	classes = {
	};
	objectVersion = 55;
	objects = {

/* Begin PBXBuildFile section */
		92111285281EA45100F24E0E /* AppDelegate.swift in Sources */ = {isa = PBXBuildFile; fileRef = 92111284281EA45100F24E0E /* AppDelegate.swift */; };
		92111287281EA45100F24E0E /* SceneDelegate.swift in Sources */ = {isa = PBXBuildFile; fileRef = 92111286281EA45100F24E0E /* SceneDelegate.swift */; };
		92111289281EA45100F24E0E /* ViewController.swift in Sources */ = {isa = PBXBuildFile; fileRef = 92111288281EA45100F24E0E /* ViewController.swift */; };
		9211128C281EA45100F24E0E /* Main.storyboard in Resources */ = {isa = PBXBuildFile; fileRef = 9211128A281EA45100F24E0E /* Main.storyboard */; };
		9211128E281EA45300F24E0E /* Assets.xcassets in Resources */ = {isa = PBXBuildFile; fileRef = 9211128D281EA45300F24E0E /* Assets.xcassets */; };
		92111291281EA45300F24E0E /* LaunchScreen.storyboard in Resources */ = {isa = PBXBuildFile; fileRef = 9211128F281EA45300F24E0E /* LaunchScreen.storyboard */; };
		9211129A281EA46600F24E0E /* Then in Frameworks */ = {isa = PBXBuildFile; productRef = 92111299281EA46600F24E0E /* Then */; };
		9211129D281EA47A00F24E0E /* SnapKit in Frameworks */ = {isa = PBXBuildFile; productRef = 9211129C281EA47A00F24E0E /* SnapKit */; };
		9211129F281EA48B00F24E0E /* Main.json in Resources */ = {isa = PBXBuildFile; fileRef = 9211129E281EA48B00F24E0E /* Main.json */; };
		921112A1281EA71000F24E0E /* DefaultView.swift in Sources */ = {isa = PBXBuildFile; fileRef = 921112A0281EA71000F24E0E /* DefaultView.swift */; };
		921112A3281EA71800F24E0E /* SpecialView.swift in Sources */ = {isa = PBXBuildFile; fileRef = 921112A2281EA71800F24E0E /* SpecialView.swift */; };
		921112A5281EAB8000F24E0E /* MainResponse.swift in Sources */ = {isa = PBXBuildFile; fileRef = 921112A4281EAB8000F24E0E /* MainResponse.swift */; };
		9235B4D22826932C0038E755 /* MainViewController.swift in Sources */ = {isa = PBXBuildFile; fileRef = 9235B4D12826932C0038E755 /* MainViewController.swift */; };
		923E4C0528508E1C008369E1 /* SnapKit in Frameworks */ = {isa = PBXBuildFile; productRef = 923E4C0428508E1C008369E1 /* SnapKit */; };
/* End PBXBuildFile section */

/* Begin PBXFileReference section */
		92111281281EA45100F24E0E /* WAL-Practice.app */ = {isa = PBXFileReference; explicitFileType = wrapper.application; includeInIndex = 0; path = "WAL-Practice.app"; sourceTree = BUILT_PRODUCTS_DIR; };
		92111284281EA45100F24E0E /* AppDelegate.swift */ = {isa = PBXFileReference; lastKnownFileType = sourcecode.swift; path = AppDelegate.swift; sourceTree = "<group>"; };
		92111286281EA45100F24E0E /* SceneDelegate.swift */ = {isa = PBXFileReference; lastKnownFileType = sourcecode.swift; path = SceneDelegate.swift; sourceTree = "<group>"; };
		92111288281EA45100F24E0E /* ViewController.swift */ = {isa = PBXFileReference; lastKnownFileType = sourcecode.swift; path = ViewController.swift; sourceTree = "<group>"; };
		9211128B281EA45100F24E0E /* Base */ = {isa = PBXFileReference; lastKnownFileType = file.storyboard; name = Base; path = Base.lproj/Main.storyboard; sourceTree = "<group>"; };
		9211128D281EA45300F24E0E /* Assets.xcassets */ = {isa = PBXFileReference; lastKnownFileType = folder.assetcatalog; path = Assets.xcassets; sourceTree = "<group>"; };
		92111290281EA45300F24E0E /* Base */ = {isa = PBXFileReference; lastKnownFileType = file.storyboard; name = Base; path = Base.lproj/LaunchScreen.storyboard; sourceTree = "<group>"; };
		92111292281EA45300F24E0E /* Info.plist */ = {isa = PBXFileReference; lastKnownFileType = text.plist.xml; path = Info.plist; sourceTree = "<group>"; };
		9211129E281EA48B00F24E0E /* Main.json */ = {isa = PBXFileReference; lastKnownFileType = text.json; path = Main.json; sourceTree = "<group>"; };
		921112A0281EA71000F24E0E /* DefaultView.swift */ = {isa = PBXFileReference; lastKnownFileType = sourcecode.swift; path = DefaultView.swift; sourceTree = "<group>"; };
		921112A2281EA71800F24E0E /* SpecialView.swift */ = {isa = PBXFileReference; lastKnownFileType = sourcecode.swift; path = SpecialView.swift; sourceTree = "<group>"; };
		921112A4281EAB8000F24E0E /* MainResponse.swift */ = {isa = PBXFileReference; lastKnownFileType = sourcecode.swift; path = MainResponse.swift; sourceTree = "<group>"; };
		9235B4D12826932C0038E755 /* MainViewController.swift */ = {isa = PBXFileReference; lastKnownFileType = sourcecode.swift; path = MainViewController.swift; sourceTree = "<group>"; };
/* End PBXFileReference section */

/* Begin PBXFrameworksBuildPhase section */
		9211127E281EA45100F24E0E /* Frameworks */ = {
			isa = PBXFrameworksBuildPhase;
			buildActionMask = 2147483647;
			files = (
				923E4C0528508E1C008369E1 /* SnapKit in Frameworks */,
				9211129A281EA46600F24E0E /* Then in Frameworks */,
				9211129D281EA47A00F24E0E /* SnapKit in Frameworks */,
			);
			runOnlyForDeploymentPostprocessing = 0;
		};
/* End PBXFrameworksBuildPhase section */

/* Begin PBXGroup section */
		92111278281EA45100F24E0E = {
			isa = PBXGroup;
			children = (
				92111283281EA45100F24E0E /* WAL-Practice */,
				92111282281EA45100F24E0E /* Products */,
			);
			sourceTree = "<group>";
		};
		92111282281EA45100F24E0E /* Products */ = {
			isa = PBXGroup;
			children = (
				92111281281EA45100F24E0E /* WAL-Practice.app */,
			);
			name = Products;
			sourceTree = "<group>";
		};
		92111283281EA45100F24E0E /* WAL-Practice */ = {
			isa = PBXGroup;
			children = (
				92111284281EA45100F24E0E /* AppDelegate.swift */,
				92111286281EA45100F24E0E /* SceneDelegate.swift */,
				92111288281EA45100F24E0E /* ViewController.swift */,
				9211128A281EA45100F24E0E /* Main.storyboard */,
				9211128D281EA45300F24E0E /* Assets.xcassets */,
				9211128F281EA45300F24E0E /* LaunchScreen.storyboard */,
				92111292281EA45300F24E0E /* Info.plist */,
				9211129E281EA48B00F24E0E /* Main.json */,
				921112A0281EA71000F24E0E /* DefaultView.swift */,
				921112A2281EA71800F24E0E /* SpecialView.swift */,
				921112A4281EAB8000F24E0E /* MainResponse.swift */,
				9235B4D12826932C0038E755 /* MainViewController.swift */,
			);
			path = "WAL-Practice";
			sourceTree = "<group>";
		};
/* End PBXGroup section */

/* Begin PBXNativeTarget section */
		92111280281EA45100F24E0E /* WAL-Practice */ = {
			isa = PBXNativeTarget;
			buildConfigurationList = 92111295281EA45300F24E0E /* Build configuration list for PBXNativeTarget "WAL-Practice" */;
			buildPhases = (
				9211127D281EA45100F24E0E /* Sources */,
				9211127E281EA45100F24E0E /* Frameworks */,
				9211127F281EA45100F24E0E /* Resources */,
			);
			buildRules = (
			);
			dependencies = (
			);
			name = "WAL-Practice";
			packageProductDependencies = (
				92111299281EA46600F24E0E /* Then */,
				9211129C281EA47A00F24E0E /* SnapKit */,
				923E4C0428508E1C008369E1 /* SnapKit */,
			);
			productName = "WAL-Practice";
			productReference = 92111281281EA45100F24E0E /* WAL-Practice.app */;
			productType = "com.apple.product-type.application";
		};
/* End PBXNativeTarget section */

/* Begin PBXProject section */
		92111279281EA45100F24E0E /* Project object */ = {
			isa = PBXProject;
			attributes = {
				BuildIndependentTargetsInParallel = 1;
				LastSwiftUpdateCheck = 1330;
				LastUpgradeCheck = 1330;
				TargetAttributes = {
					92111280281EA45100F24E0E = {
						CreatedOnToolsVersion = 13.3.1;
					};
				};
			};
			buildConfigurationList = 9211127C281EA45100F24E0E /* Build configuration list for PBXProject "WAL-Practice" */;
			compatibilityVersion = "Xcode 13.0";
			developmentRegion = en;
			hasScannedForEncodings = 0;
			knownRegions = (
				en,
				Base,
			);
			mainGroup = 92111278281EA45100F24E0E;
			packageReferences = (
				92111298281EA46600F24E0E /* XCRemoteSwiftPackageReference "Then" */,
				9211129B281EA47A00F24E0E /* XCRemoteSwiftPackageReference "SnapKit" */,
				923E4C0328508E1C008369E1 /* XCRemoteSwiftPackageReference "SnapKit" */,
			);
			productRefGroup = 92111282281EA45100F24E0E /* Products */;
			projectDirPath = "";
			projectRoot = "";
			targets = (
				92111280281EA45100F24E0E /* WAL-Practice */,
			);
		};
/* End PBXProject section */

/* Begin PBXResourcesBuildPhase section */
		9211127F281EA45100F24E0E /* Resources */ = {
			isa = PBXResourcesBuildPhase;
			buildActionMask = 2147483647;
			files = (
				92111291281EA45300F24E0E /* LaunchScreen.storyboard in Resources */,
				9211128E281EA45300F24E0E /* Assets.xcassets in Resources */,
				9211129F281EA48B00F24E0E /* Main.json in Resources */,
				9211128C281EA45100F24E0E /* Main.storyboard in Resources */,
			);
			runOnlyForDeploymentPostprocessing = 0;
		};
/* End PBXResourcesBuildPhase section */

/* Begin PBXSourcesBuildPhase section */
		9211127D281EA45100F24E0E /* Sources */ = {
			isa = PBXSourcesBuildPhase;
			buildActionMask = 2147483647;
			files = (
				9235B4D22826932C0038E755 /* MainViewController.swift in Sources */,
				921112A1281EA71000F24E0E /* DefaultView.swift in Sources */,
				92111289281EA45100F24E0E /* ViewController.swift in Sources */,
				92111285281EA45100F24E0E /* AppDelegate.swift in Sources */,
				921112A3281EA71800F24E0E /* SpecialView.swift in Sources */,
				92111287281EA45100F24E0E /* SceneDelegate.swift in Sources */,
				921112A5281EAB8000F24E0E /* MainResponse.swift in Sources */,
			);
			runOnlyForDeploymentPostprocessing = 0;
		};
/* End PBXSourcesBuildPhase section */

/* Begin PBXVariantGroup section */
		9211128A281EA45100F24E0E /* Main.storyboard */ = {
			isa = PBXVariantGroup;
			children = (
				9211128B281EA45100F24E0E /* Base */,
			);
			name = Main.storyboard;
			sourceTree = "<group>";
		};
		9211128F281EA45300F24E0E /* LaunchScreen.storyboard */ = {
			isa = PBXVariantGroup;
			children = (
				92111290281EA45300F24E0E /* Base */,
			);
			name = LaunchScreen.storyboard;
			sourceTree = "<group>";
		};
/* End PBXVariantGroup section */

/* Begin XCBuildConfiguration section */
		92111293281EA45300F24E0E /* Debug */ = {
			isa = XCBuildConfiguration;
			buildSettings = {
				ALWAYS_SEARCH_USER_PATHS = NO;
				CLANG_ANALYZER_NONNULL = YES;
				CLANG_ANALYZER_NUMBER_OBJECT_CONVERSION = YES_AGGRESSIVE;
				CLANG_CXX_LANGUAGE_STANDARD = "gnu++17";
				CLANG_ENABLE_MODULES = YES;
				CLANG_ENABLE_OBJC_ARC = YES;
				CLANG_ENABLE_OBJC_WEAK = YES;
				CLANG_WARN_BLOCK_CAPTURE_AUTORELEASING = YES;
				CLANG_WARN_BOOL_CONVERSION = YES;
				CLANG_WARN_COMMA = YES;
				CLANG_WARN_CONSTANT_CONVERSION = YES;
				CLANG_WARN_DEPRECATED_OBJC_IMPLEMENTATIONS = YES;
				CLANG_WARN_DIRECT_OBJC_ISA_USAGE = YES_ERROR;
				CLANG_WARN_DOCUMENTATION_COMMENTS = YES;
				CLANG_WARN_EMPTY_BODY = YES;
				CLANG_WARN_ENUM_CONVERSION = YES;
				CLANG_WARN_INFINITE_RECURSION = YES;
				CLANG_WARN_INT_CONVERSION = YES;
				CLANG_WARN_NON_LITERAL_NULL_CONVERSION = YES;
				CLANG_WARN_OBJC_IMPLICIT_RETAIN_SELF = YES;
				CLANG_WARN_OBJC_LITERAL_CONVERSION = YES;
				CLANG_WARN_OBJC_ROOT_CLASS = YES_ERROR;
				CLANG_WARN_QUOTED_INCLUDE_IN_FRAMEWORK_HEADER = YES;
				CLANG_WARN_RANGE_LOOP_ANALYSIS = YES;
				CLANG_WARN_STRICT_PROTOTYPES = YES;
				CLANG_WARN_SUSPICIOUS_MOVE = YES;
				CLANG_WARN_UNGUARDED_AVAILABILITY = YES_AGGRESSIVE;
				CLANG_WARN_UNREACHABLE_CODE = YES;
				CLANG_WARN__DUPLICATE_METHOD_MATCH = YES;
				COPY_PHASE_STRIP = NO;
				DEBUG_INFORMATION_FORMAT = dwarf;
				ENABLE_STRICT_OBJC_MSGSEND = YES;
				ENABLE_TESTABILITY = YES;
				GCC_C_LANGUAGE_STANDARD = gnu11;
				GCC_DYNAMIC_NO_PIC = NO;
				GCC_NO_COMMON_BLOCKS = YES;
				GCC_OPTIMIZATION_LEVEL = 0;
				GCC_PREPROCESSOR_DEFINITIONS = (
					"DEBUG=1",
					"$(inherited)",
				);
				GCC_WARN_64_TO_32_BIT_CONVERSION = YES;
				GCC_WARN_ABOUT_RETURN_TYPE = YES_ERROR;
				GCC_WARN_UNDECLARED_SELECTOR = YES;
				GCC_WARN_UNINITIALIZED_AUTOS = YES_AGGRESSIVE;
				GCC_WARN_UNUSED_FUNCTION = YES;
				GCC_WARN_UNUSED_VARIABLE = YES;
				IPHONEOS_DEPLOYMENT_TARGET = 15.4;
				MTL_ENABLE_DEBUG_INFO = INCLUDE_SOURCE;
				MTL_FAST_MATH = YES;
				ONLY_ACTIVE_ARCH = YES;
				SDKROOT = iphoneos;
				SWIFT_ACTIVE_COMPILATION_CONDITIONS = DEBUG;
				SWIFT_OPTIMIZATION_LEVEL = "-Onone";
			};
			name = Debug;
		};
		92111294281EA45300F24E0E /* Release */ = {
			isa = XCBuildConfiguration;
			buildSettings = {
				ALWAYS_SEARCH_USER_PATHS = NO;
				CLANG_ANALYZER_NONNULL = YES;
				CLANG_ANALYZER_NUMBER_OBJECT_CONVERSION = YES_AGGRESSIVE;
				CLANG_CXX_LANGUAGE_STANDARD = "gnu++17";
				CLANG_ENABLE_MODULES = YES;
				CLANG_ENABLE_OBJC_ARC = YES;
				CLANG_ENABLE_OBJC_WEAK = YES;
				CLANG_WARN_BLOCK_CAPTURE_AUTORELEASING = YES;
				CLANG_WARN_BOOL_CONVERSION = YES;
				CLANG_WARN_COMMA = YES;
				CLANG_WARN_CONSTANT_CONVERSION = YES;
				CLANG_WARN_DEPRECATED_OBJC_IMPLEMENTATIONS = YES;
				CLANG_WARN_DIRECT_OBJC_ISA_USAGE = YES_ERROR;
				CLANG_WARN_DOCUMENTATION_COMMENTS = YES;
				CLANG_WARN_EMPTY_BODY = YES;
				CLANG_WARN_ENUM_CONVERSION = YES;
				CLANG_WARN_INFINITE_RECURSION = YES;
				CLANG_WARN_INT_CONVERSION = YES;
				CLANG_WARN_NON_LITERAL_NULL_CONVERSION = YES;
				CLANG_WARN_OBJC_IMPLICIT_RETAIN_SELF = YES;
				CLANG_WARN_OBJC_LITERAL_CONVERSION = YES;
				CLANG_WARN_OBJC_ROOT_CLASS = YES_ERROR;
				CLANG_WARN_QUOTED_INCLUDE_IN_FRAMEWORK_HEADER = YES;
				CLANG_WARN_RANGE_LOOP_ANALYSIS = YES;
				CLANG_WARN_STRICT_PROTOTYPES = YES;
				CLANG_WARN_SUSPICIOUS_MOVE = YES;
				CLANG_WARN_UNGUARDED_AVAILABILITY = YES_AGGRESSIVE;
				CLANG_WARN_UNREACHABLE_CODE = YES;
				CLANG_WARN__DUPLICATE_METHOD_MATCH = YES;
				COPY_PHASE_STRIP = NO;
				DEBUG_INFORMATION_FORMAT = "dwarf-with-dsym";
				ENABLE_NS_ASSERTIONS = NO;
				ENABLE_STRICT_OBJC_MSGSEND = YES;
				GCC_C_LANGUAGE_STANDARD = gnu11;
				GCC_NO_COMMON_BLOCKS = YES;
				GCC_WARN_64_TO_32_BIT_CONVERSION = YES;
				GCC_WARN_ABOUT_RETURN_TYPE = YES_ERROR;
				GCC_WARN_UNDECLARED_SELECTOR = YES;
				GCC_WARN_UNINITIALIZED_AUTOS = YES_AGGRESSIVE;
				GCC_WARN_UNUSED_FUNCTION = YES;
				GCC_WARN_UNUSED_VARIABLE = YES;
				IPHONEOS_DEPLOYMENT_TARGET = 15.4;
				MTL_ENABLE_DEBUG_INFO = NO;
				MTL_FAST_MATH = YES;
				SDKROOT = iphoneos;
				SWIFT_COMPILATION_MODE = wholemodule;
				SWIFT_OPTIMIZATION_LEVEL = "-O";
				VALIDATE_PRODUCT = YES;
			};
			name = Release;
		};
		92111296281EA45300F24E0E /* Debug */ = {
			isa = XCBuildConfiguration;
			buildSettings = {
				ASSETCATALOG_COMPILER_APPICON_NAME = AppIcon;
				ASSETCATALOG_COMPILER_GLOBAL_ACCENT_COLOR_NAME = AccentColor;
				CODE_SIGN_STYLE = Automatic;
				CURRENT_PROJECT_VERSION = 1;
				DEVELOPMENT_TEAM = PU64TS56AD;
				GENERATE_INFOPLIST_FILE = YES;
				INFOPLIST_FILE = "WAL-Practice/Info.plist";
				INFOPLIST_KEY_UIApplicationSupportsIndirectInputEvents = YES;
				INFOPLIST_KEY_UILaunchStoryboardName = LaunchScreen;
				INFOPLIST_KEY_UIMainStoryboardFile = Main;
				INFOPLIST_KEY_UISupportedInterfaceOrientations_iPad = "UIInterfaceOrientationPortrait UIInterfaceOrientationPortraitUpsideDown UIInterfaceOrientationLandscapeLeft UIInterfaceOrientationLandscapeRight";
				INFOPLIST_KEY_UISupportedInterfaceOrientations_iPhone = "UIInterfaceOrientationPortrait UIInterfaceOrientationLandscapeLeft UIInterfaceOrientationLandscapeRight";
				LD_RUNPATH_SEARCH_PATHS = (
					"$(inherited)",
					"@executable_path/Frameworks",
				);
				MARKETING_VERSION = 1.0;
				PRODUCT_BUNDLE_IDENTIFIER = "soyeon.WAL-Practice";
				PRODUCT_NAME = "$(TARGET_NAME)";
				SWIFT_EMIT_LOC_STRINGS = YES;
				SWIFT_VERSION = 5.0;
				TARGETED_DEVICE_FAMILY = "1,2";
			};
			name = Debug;
		};
		92111297281EA45300F24E0E /* Release */ = {
			isa = XCBuildConfiguration;
			buildSettings = {
				ASSETCATALOG_COMPILER_APPICON_NAME = AppIcon;
				ASSETCATALOG_COMPILER_GLOBAL_ACCENT_COLOR_NAME = AccentColor;
				CODE_SIGN_STYLE = Automatic;
				CURRENT_PROJECT_VERSION = 1;
				DEVELOPMENT_TEAM = PU64TS56AD;
				GENERATE_INFOPLIST_FILE = YES;
				INFOPLIST_FILE = "WAL-Practice/Info.plist";
				INFOPLIST_KEY_UIApplicationSupportsIndirectInputEvents = YES;
				INFOPLIST_KEY_UILaunchStoryboardName = LaunchScreen;
				INFOPLIST_KEY_UIMainStoryboardFile = Main;
				INFOPLIST_KEY_UISupportedInterfaceOrientations_iPad = "UIInterfaceOrientationPortrait UIInterfaceOrientationPortraitUpsideDown UIInterfaceOrientationLandscapeLeft UIInterfaceOrientationLandscapeRight";
				INFOPLIST_KEY_UISupportedInterfaceOrientations_iPhone = "UIInterfaceOrientationPortrait UIInterfaceOrientationLandscapeLeft UIInterfaceOrientationLandscapeRight";
				LD_RUNPATH_SEARCH_PATHS = (
					"$(inherited)",
					"@executable_path/Frameworks",
				);
				MARKETING_VERSION = 1.0;
				PRODUCT_BUNDLE_IDENTIFIER = "soyeon.WAL-Practice";
				PRODUCT_NAME = "$(TARGET_NAME)";
				SWIFT_EMIT_LOC_STRINGS = YES;
				SWIFT_VERSION = 5.0;
				TARGETED_DEVICE_FAMILY = "1,2";
			};
			name = Release;
		};
/* End XCBuildConfiguration section */

/* Begin XCConfigurationList section */
		9211127C281EA45100F24E0E /* Build configuration list for PBXProject "WAL-Practice" */ = {
			isa = XCConfigurationList;
			buildConfigurations = (
				92111293281EA45300F24E0E /* Debug */,
				92111294281EA45300F24E0E /* Release */,
			);
			defaultConfigurationIsVisible = 0;
			defaultConfigurationName = Release;
		};
		92111295281EA45300F24E0E /* Build configuration list for PBXNativeTarget "WAL-Practice" */ = {
			isa = XCConfigurationList;
			buildConfigurations = (
				92111296281EA45300F24E0E /* Debug */,
				92111297281EA45300F24E0E /* Release */,
			);
			defaultConfigurationIsVisible = 0;
			defaultConfigurationName = Release;
		};
/* End XCConfigurationList section */

/* Begin XCRemoteSwiftPackageReference section */
		92111298281EA46600F24E0E /* XCRemoteSwiftPackageReference "Then" */ = {
			isa = XCRemoteSwiftPackageReference;
			repositoryURL = "https://github.com/devxoul/Then";
			requirement = {
				branch = master;
				kind = branch;
			};
		};
		9211129B281EA47A00F24E0E /* XCRemoteSwiftPackageReference "SnapKit" */ = {
			isa = XCRemoteSwiftPackageReference;
			repositoryURL = "https://github.com/SnapKit/SnapKit.git";
			requirement = {
				branch = develop;
				kind = branch;
			};
		};
		923E4C0328508E1C008369E1 /* XCRemoteSwiftPackageReference "SnapKit" */ = {
			isa = XCRemoteSwiftPackageReference;
			repositoryURL = "https://github.com/SnapKit/SnapKit.git";
			requirement = {
				branch = develop;
				kind = branch;
			};
		};
/* End XCRemoteSwiftPackageReference section */

/* Begin XCSwiftPackageProductDependency section */
		92111299281EA46600F24E0E /* Then */ = {
			isa = XCSwiftPackageProductDependency;
			package = 92111298281EA46600F24E0E /* XCRemoteSwiftPackageReference "Then" */;
			productName = Then;
		};
		9211129C281EA47A00F24E0E /* SnapKit */ = {
			isa = XCSwiftPackageProductDependency;
			package = 9211129B281EA47A00F24E0E /* XCRemoteSwiftPackageReference "SnapKit" */;
			productName = SnapKit;
		};
		923E4C0428508E1C008369E1 /* SnapKit */ = {
			isa = XCSwiftPackageProductDependency;
			package = 9211129B281EA47A00F24E0E /* XCRemoteSwiftPackageReference "SnapKit" */;
			productName = SnapKit;
		};
/* End XCSwiftPackageProductDependency section */
	};
	rootObject = 92111279281EA45100F24E0E /* Project object */;
}
