// !$*UTF8*$!
{
	archiveVersion = 1;
	classes = {
	};
	objectVersion = 55;
	objects = {

/* Begin PBXBuildFile section */
		9211123E281D5B4D00F24E0E /* HistoryViewController.swift in Sources */ = {isa = PBXBuildFile; fileRef = 9211123D281D5B4D00F24E0E /* HistoryViewController.swift */; };
		924315D3281ABF730089F0D4 /* HistoryDummyData.json in Resources */ = {isa = PBXBuildFile; fileRef = 924315D2281ABF730089F0D4 /* HistoryDummyData.json */; };
		924315D5281AC76C0089F0D4 /* HistoryResponse.swift in Sources */ = {isa = PBXBuildFile; fileRef = 924315D4281AC76C0089F0D4 /* HistoryResponse.swift */; };
		92534E3E281854F7002ABD91 /* AppDelegate.swift in Sources */ = {isa = PBXBuildFile; fileRef = 92534E3D281854F7002ABD91 /* AppDelegate.swift */; };
		92534E40281854F7002ABD91 /* SceneDelegate.swift in Sources */ = {isa = PBXBuildFile; fileRef = 92534E3F281854F7002ABD91 /* SceneDelegate.swift */; };
		92534E42281854F7002ABD91 /* ViewController.swift in Sources */ = {isa = PBXBuildFile; fileRef = 92534E41281854F7002ABD91 /* ViewController.swift */; };
		92534E45281854F7002ABD91 /* Main.storyboard in Resources */ = {isa = PBXBuildFile; fileRef = 92534E43281854F7002ABD91 /* Main.storyboard */; };
		92534E47281854F8002ABD91 /* Assets.xcassets in Resources */ = {isa = PBXBuildFile; fileRef = 92534E46281854F8002ABD91 /* Assets.xcassets */; };
		92534E4A281854F8002ABD91 /* LaunchScreen.storyboard in Resources */ = {isa = PBXBuildFile; fileRef = 92534E48281854F8002ABD91 /* LaunchScreen.storyboard */; };
		92534E5328185C20002ABD91 /* SnapKit in Frameworks */ = {isa = PBXBuildFile; productRef = 92534E5228185C20002ABD91 /* SnapKit */; };
		92534E5628185C32002ABD91 /* Then in Frameworks */ = {isa = PBXBuildFile; productRef = 92534E5528185C32002ABD91 /* Then */; };
		92534E582818620F002ABD91 /* HistoryTableViewCell.swift in Sources */ = {isa = PBXBuildFile; fileRef = 92534E572818620F002ABD91 /* HistoryTableViewCell.swift */; };
		92534E5A28186350002ABD91 /* HistorySendingHeaderView.swift in Sources */ = {isa = PBXBuildFile; fileRef = 92534E5928186350002ABD91 /* HistorySendingHeaderView.swift */; };
		92534E5C2818679D002ABD91 /* HistoryCompleteHeaderView.swift in Sources */ = {isa = PBXBuildFile; fileRef = 92534E5B2818679D002ABD91 /* HistoryCompleteHeaderView.swift */; };
		92534E5E28187485002ABD91 /* UILabel+.swift in Sources */ = {isa = PBXBuildFile; fileRef = 92534E5D28187485002ABD91 /* UILabel+.swift */; };
/* End PBXBuildFile section */

/* Begin PBXFileReference section */
		9211123D281D5B4D00F24E0E /* HistoryViewController.swift */ = {isa = PBXFileReference; lastKnownFileType = sourcecode.swift; path = HistoryViewController.swift; sourceTree = "<group>"; };
		924315D2281ABF730089F0D4 /* HistoryDummyData.json */ = {isa = PBXFileReference; lastKnownFileType = text.json; path = HistoryDummyData.json; sourceTree = "<group>"; };
		924315D4281AC76C0089F0D4 /* HistoryResponse.swift */ = {isa = PBXFileReference; lastKnownFileType = sourcecode.swift; path = HistoryResponse.swift; sourceTree = "<group>"; };
		92534E3A281854F7002ABD91 /* WAL-History-Pratice.app */ = {isa = PBXFileReference; explicitFileType = wrapper.application; includeInIndex = 0; path = "WAL-History-Pratice.app"; sourceTree = BUILT_PRODUCTS_DIR; };
		92534E3D281854F7002ABD91 /* AppDelegate.swift */ = {isa = PBXFileReference; lastKnownFileType = sourcecode.swift; path = AppDelegate.swift; sourceTree = "<group>"; };
		92534E3F281854F7002ABD91 /* SceneDelegate.swift */ = {isa = PBXFileReference; lastKnownFileType = sourcecode.swift; path = SceneDelegate.swift; sourceTree = "<group>"; };
		92534E41281854F7002ABD91 /* ViewController.swift */ = {isa = PBXFileReference; lastKnownFileType = sourcecode.swift; path = ViewController.swift; sourceTree = "<group>"; };
		92534E44281854F7002ABD91 /* Base */ = {isa = PBXFileReference; lastKnownFileType = file.storyboard; name = Base; path = Base.lproj/Main.storyboard; sourceTree = "<group>"; };
		92534E46281854F8002ABD91 /* Assets.xcassets */ = {isa = PBXFileReference; lastKnownFileType = folder.assetcatalog; path = Assets.xcassets; sourceTree = "<group>"; };
		92534E49281854F8002ABD91 /* Base */ = {isa = PBXFileReference; lastKnownFileType = file.storyboard; name = Base; path = Base.lproj/LaunchScreen.storyboard; sourceTree = "<group>"; };
		92534E4B281854F8002ABD91 /* Info.plist */ = {isa = PBXFileReference; lastKnownFileType = text.plist.xml; path = Info.plist; sourceTree = "<group>"; };
		92534E572818620F002ABD91 /* HistoryTableViewCell.swift */ = {isa = PBXFileReference; lastKnownFileType = sourcecode.swift; path = HistoryTableViewCell.swift; sourceTree = "<group>"; };
		92534E5928186350002ABD91 /* HistorySendingHeaderView.swift */ = {isa = PBXFileReference; lastKnownFileType = sourcecode.swift; path = HistorySendingHeaderView.swift; sourceTree = "<group>"; };
		92534E5B2818679D002ABD91 /* HistoryCompleteHeaderView.swift */ = {isa = PBXFileReference; lastKnownFileType = sourcecode.swift; path = HistoryCompleteHeaderView.swift; sourceTree = "<group>"; };
		92534E5D28187485002ABD91 /* UILabel+.swift */ = {isa = PBXFileReference; lastKnownFileType = sourcecode.swift; path = "UILabel+.swift"; sourceTree = "<group>"; };
/* End PBXFileReference section */

/* Begin PBXFrameworksBuildPhase section */
		92534E37281854F7002ABD91 /* Frameworks */ = {
			isa = PBXFrameworksBuildPhase;
			buildActionMask = 2147483647;
			files = (
				92534E5328185C20002ABD91 /* SnapKit in Frameworks */,
				92534E5628185C32002ABD91 /* Then in Frameworks */,
			);
			runOnlyForDeploymentPostprocessing = 0;
		};
/* End PBXFrameworksBuildPhase section */

/* Begin PBXGroup section */
		92534E31281854F7002ABD91 = {
			isa = PBXGroup;
			children = (
				92534E3C281854F7002ABD91 /* WAL-History-Pratice */,
				92534E3B281854F7002ABD91 /* Products */,
			);
			sourceTree = "<group>";
		};
		92534E3B281854F7002ABD91 /* Products */ = {
			isa = PBXGroup;
			children = (
				92534E3A281854F7002ABD91 /* WAL-History-Pratice.app */,
			);
			name = Products;
			sourceTree = "<group>";
		};
		92534E3C281854F7002ABD91 /* WAL-History-Pratice */ = {
			isa = PBXGroup;
			children = (
				92534E3D281854F7002ABD91 /* AppDelegate.swift */,
				92534E3F281854F7002ABD91 /* SceneDelegate.swift */,
				92534E41281854F7002ABD91 /* ViewController.swift */,
				92534E43281854F7002ABD91 /* Main.storyboard */,
				92534E46281854F8002ABD91 /* Assets.xcassets */,
				92534E48281854F8002ABD91 /* LaunchScreen.storyboard */,
				92534E4B281854F8002ABD91 /* Info.plist */,
				92534E572818620F002ABD91 /* HistoryTableViewCell.swift */,
				92534E5928186350002ABD91 /* HistorySendingHeaderView.swift */,
				92534E5B2818679D002ABD91 /* HistoryCompleteHeaderView.swift */,
				92534E5D28187485002ABD91 /* UILabel+.swift */,
				924315D2281ABF730089F0D4 /* HistoryDummyData.json */,
				924315D4281AC76C0089F0D4 /* HistoryResponse.swift */,
				9211123D281D5B4D00F24E0E /* HistoryViewController.swift */,
			);
			path = "WAL-History-Pratice";
			sourceTree = "<group>";
		};
/* End PBXGroup section */

/* Begin PBXNativeTarget section */
		92534E39281854F7002ABD91 /* WAL-History-Pratice */ = {
			isa = PBXNativeTarget;
			buildConfigurationList = 92534E4E281854F8002ABD91 /* Build configuration list for PBXNativeTarget "WAL-History-Pratice" */;
			buildPhases = (
				92534E36281854F7002ABD91 /* Sources */,
				92534E37281854F7002ABD91 /* Frameworks */,
				92534E38281854F7002ABD91 /* Resources */,
			);
			buildRules = (
			);
			dependencies = (
			);
			name = "WAL-History-Pratice";
			packageProductDependencies = (
				92534E5228185C20002ABD91 /* SnapKit */,
				92534E5528185C32002ABD91 /* Then */,
			);
			productName = "WAL-History-Pratice";
			productReference = 92534E3A281854F7002ABD91 /* WAL-History-Pratice.app */;
			productType = "com.apple.product-type.application";
		};
/* End PBXNativeTarget section */

/* Begin PBXProject section */
		92534E32281854F7002ABD91 /* Project object */ = {
			isa = PBXProject;
			attributes = {
				BuildIndependentTargetsInParallel = 1;
				LastSwiftUpdateCheck = 1330;
				LastUpgradeCheck = 1330;
				TargetAttributes = {
					92534E39281854F7002ABD91 = {
						CreatedOnToolsVersion = 13.3.1;
					};
				};
			};
			buildConfigurationList = 92534E35281854F7002ABD91 /* Build configuration list for PBXProject "WAL-History-Pratice" */;
			compatibilityVersion = "Xcode 13.0";
			developmentRegion = en;
			hasScannedForEncodings = 0;
			knownRegions = (
				en,
				Base,
			);
			mainGroup = 92534E31281854F7002ABD91;
			packageReferences = (
				92534E5128185C20002ABD91 /* XCRemoteSwiftPackageReference "SnapKit" */,
				92534E5428185C32002ABD91 /* XCRemoteSwiftPackageReference "Then" */,
			);
			productRefGroup = 92534E3B281854F7002ABD91 /* Products */;
			projectDirPath = "";
			projectRoot = "";
			targets = (
				92534E39281854F7002ABD91 /* WAL-History-Pratice */,
			);
		};
/* End PBXProject section */

/* Begin PBXResourcesBuildPhase section */
		92534E38281854F7002ABD91 /* Resources */ = {
			isa = PBXResourcesBuildPhase;
			buildActionMask = 2147483647;
			files = (
				92534E4A281854F8002ABD91 /* LaunchScreen.storyboard in Resources */,
				924315D3281ABF730089F0D4 /* HistoryDummyData.json in Resources */,
				92534E47281854F8002ABD91 /* Assets.xcassets in Resources */,
				92534E45281854F7002ABD91 /* Main.storyboard in Resources */,
			);
			runOnlyForDeploymentPostprocessing = 0;
		};
/* End PBXResourcesBuildPhase section */

/* Begin PBXSourcesBuildPhase section */
		92534E36281854F7002ABD91 /* Sources */ = {
			isa = PBXSourcesBuildPhase;
			buildActionMask = 2147483647;
			files = (
				92534E42281854F7002ABD91 /* ViewController.swift in Sources */,
				92534E3E281854F7002ABD91 /* AppDelegate.swift in Sources */,
				92534E5C2818679D002ABD91 /* HistoryCompleteHeaderView.swift in Sources */,
				92534E582818620F002ABD91 /* HistoryTableViewCell.swift in Sources */,
				92534E5E28187485002ABD91 /* UILabel+.swift in Sources */,
				92534E40281854F7002ABD91 /* SceneDelegate.swift in Sources */,
				9211123E281D5B4D00F24E0E /* HistoryViewController.swift in Sources */,
				92534E5A28186350002ABD91 /* HistorySendingHeaderView.swift in Sources */,
				924315D5281AC76C0089F0D4 /* HistoryResponse.swift in Sources */,
			);
			runOnlyForDeploymentPostprocessing = 0;
		};
/* End PBXSourcesBuildPhase section */

/* Begin PBXVariantGroup section */
		92534E43281854F7002ABD91 /* Main.storyboard */ = {
			isa = PBXVariantGroup;
			children = (
				92534E44281854F7002ABD91 /* Base */,
			);
			name = Main.storyboard;
			sourceTree = "<group>";
		};
		92534E48281854F8002ABD91 /* LaunchScreen.storyboard */ = {
			isa = PBXVariantGroup;
			children = (
				92534E49281854F8002ABD91 /* Base */,
			);
			name = LaunchScreen.storyboard;
			sourceTree = "<group>";
		};
/* End PBXVariantGroup section */

/* Begin XCBuildConfiguration section */
		92534E4C281854F8002ABD91 /* Debug */ = {
			isa = XCBuildConfiguration;
			buildSettings = {
				ALWAYS_SEARCH_USER_PATHS = NO;
				CLANG_ANALYZER_NONNULL = YES;
				CLANG_ANALYZER_NUMBER_OBJECT_CONVERSION = YES_AGGRESSIVE;
				CLANG_CXX_LANGUAGE_STANDARD = "gnu++17";
				CLANG_ENABLE_MODULES = YES;
				CLANG_ENABLE_OBJC_ARC = YES;
				CLANG_ENABLE_OBJC_WEAK = YES;
				CLANG_WARN_BLOCK_CAPTURE_AUTORELEASING = YES;
				CLANG_WARN_BOOL_CONVERSION = YES;
				CLANG_WARN_COMMA = YES;
				CLANG_WARN_CONSTANT_CONVERSION = YES;
				CLANG_WARN_DEPRECATED_OBJC_IMPLEMENTATIONS = YES;
				CLANG_WARN_DIRECT_OBJC_ISA_USAGE = YES_ERROR;
				CLANG_WARN_DOCUMENTATION_COMMENTS = YES;
				CLANG_WARN_EMPTY_BODY = YES;
				CLANG_WARN_ENUM_CONVERSION = YES;
				CLANG_WARN_INFINITE_RECURSION = YES;
				CLANG_WARN_INT_CONVERSION = YES;
				CLANG_WARN_NON_LITERAL_NULL_CONVERSION = YES;
				CLANG_WARN_OBJC_IMPLICIT_RETAIN_SELF = YES;
				CLANG_WARN_OBJC_LITERAL_CONVERSION = YES;
				CLANG_WARN_OBJC_ROOT_CLASS = YES_ERROR;
				CLANG_WARN_QUOTED_INCLUDE_IN_FRAMEWORK_HEADER = YES;
				CLANG_WARN_RANGE_LOOP_ANALYSIS = YES;
				CLANG_WARN_STRICT_PROTOTYPES = YES;
				CLANG_WARN_SUSPICIOUS_MOVE = YES;
				CLANG_WARN_UNGUARDED_AVAILABILITY = YES_AGGRESSIVE;
				CLANG_WARN_UNREACHABLE_CODE = YES;
				CLANG_WARN__DUPLICATE_METHOD_MATCH = YES;
				COPY_PHASE_STRIP = NO;
				DEBUG_INFORMATION_FORMAT = dwarf;
				ENABLE_STRICT_OBJC_MSGSEND = YES;
				ENABLE_TESTABILITY = YES;
				GCC_C_LANGUAGE_STANDARD = gnu11;
				GCC_DYNAMIC_NO_PIC = NO;
				GCC_NO_COMMON_BLOCKS = YES;
				GCC_OPTIMIZATION_LEVEL = 0;
				GCC_PREPROCESSOR_DEFINITIONS = (
					"DEBUG=1",
					"$(inherited)",
				);
				GCC_WARN_64_TO_32_BIT_CONVERSION = YES;
				GCC_WARN_ABOUT_RETURN_TYPE = YES_ERROR;
				GCC_WARN_UNDECLARED_SELECTOR = YES;
				GCC_WARN_UNINITIALIZED_AUTOS = YES_AGGRESSIVE;
				GCC_WARN_UNUSED_FUNCTION = YES;
				GCC_WARN_UNUSED_VARIABLE = YES;
				IPHONEOS_DEPLOYMENT_TARGET = 15.4;
				MTL_ENABLE_DEBUG_INFO = INCLUDE_SOURCE;
				MTL_FAST_MATH = YES;
				ONLY_ACTIVE_ARCH = YES;
				SDKROOT = iphoneos;
				SWIFT_ACTIVE_COMPILATION_CONDITIONS = DEBUG;
				SWIFT_OPTIMIZATION_LEVEL = "-Onone";
			};
			name = Debug;
		};
		92534E4D281854F8002ABD91 /* Release */ = {
			isa = XCBuildConfiguration;
			buildSettings = {
				ALWAYS_SEARCH_USER_PATHS = NO;
				CLANG_ANALYZER_NONNULL = YES;
				CLANG_ANALYZER_NUMBER_OBJECT_CONVERSION = YES_AGGRESSIVE;
				CLANG_CXX_LANGUAGE_STANDARD = "gnu++17";
				CLANG_ENABLE_MODULES = YES;
				CLANG_ENABLE_OBJC_ARC = YES;
				CLANG_ENABLE_OBJC_WEAK = YES;
				CLANG_WARN_BLOCK_CAPTURE_AUTORELEASING = YES;
				CLANG_WARN_BOOL_CONVERSION = YES;
				CLANG_WARN_COMMA = YES;
				CLANG_WARN_CONSTANT_CONVERSION = YES;
				CLANG_WARN_DEPRECATED_OBJC_IMPLEMENTATIONS = YES;
				CLANG_WARN_DIRECT_OBJC_ISA_USAGE = YES_ERROR;
				CLANG_WARN_DOCUMENTATION_COMMENTS = YES;
				CLANG_WARN_EMPTY_BODY = YES;
				CLANG_WARN_ENUM_CONVERSION = YES;
				CLANG_WARN_INFINITE_RECURSION = YES;
				CLANG_WARN_INT_CONVERSION = YES;
				CLANG_WARN_NON_LITERAL_NULL_CONVERSION = YES;
				CLANG_WARN_OBJC_IMPLICIT_RETAIN_SELF = YES;
				CLANG_WARN_OBJC_LITERAL_CONVERSION = YES;
				CLANG_WARN_OBJC_ROOT_CLASS = YES_ERROR;
				CLANG_WARN_QUOTED_INCLUDE_IN_FRAMEWORK_HEADER = YES;
				CLANG_WARN_RANGE_LOOP_ANALYSIS = YES;
				CLANG_WARN_STRICT_PROTOTYPES = YES;
				CLANG_WARN_SUSPICIOUS_MOVE = YES;
				CLANG_WARN_UNGUARDED_AVAILABILITY = YES_AGGRESSIVE;
				CLANG_WARN_UNREACHABLE_CODE = YES;
				CLANG_WARN__DUPLICATE_METHOD_MATCH = YES;
				COPY_PHASE_STRIP = NO;
				DEBUG_INFORMATION_FORMAT = "dwarf-with-dsym";
				ENABLE_NS_ASSERTIONS = NO;
				ENABLE_STRICT_OBJC_MSGSEND = YES;
				GCC_C_LANGUAGE_STANDARD = gnu11;
				GCC_NO_COMMON_BLOCKS = YES;
				GCC_WARN_64_TO_32_BIT_CONVERSION = YES;
				GCC_WARN_ABOUT_RETURN_TYPE = YES_ERROR;
				GCC_WARN_UNDECLARED_SELECTOR = YES;
				GCC_WARN_UNINITIALIZED_AUTOS = YES_AGGRESSIVE;
				GCC_WARN_UNUSED_FUNCTION = YES;
				GCC_WARN_UNUSED_VARIABLE = YES;
				IPHONEOS_DEPLOYMENT_TARGET = 15.4;
				MTL_ENABLE_DEBUG_INFO = NO;
				MTL_FAST_MATH = YES;
				SDKROOT = iphoneos;
				SWIFT_COMPILATION_MODE = wholemodule;
				SWIFT_OPTIMIZATION_LEVEL = "-O";
				VALIDATE_PRODUCT = YES;
			};
			name = Release;
		};
		92534E4F281854F8002ABD91 /* Debug */ = {
			isa = XCBuildConfiguration;
			buildSettings = {
				ASSETCATALOG_COMPILER_APPICON_NAME = AppIcon;
				ASSETCATALOG_COMPILER_GLOBAL_ACCENT_COLOR_NAME = AccentColor;
				CODE_SIGN_STYLE = Automatic;
				CURRENT_PROJECT_VERSION = 1;
				DEVELOPMENT_TEAM = PU64TS56AD;
				GENERATE_INFOPLIST_FILE = YES;
				INFOPLIST_FILE = "WAL-History-Pratice/Info.plist";
				INFOPLIST_KEY_UIApplicationSupportsIndirectInputEvents = YES;
				INFOPLIST_KEY_UILaunchStoryboardName = LaunchScreen;
				INFOPLIST_KEY_UIMainStoryboardFile = Main;
				INFOPLIST_KEY_UISupportedInterfaceOrientations_iPad = "UIInterfaceOrientationPortrait UIInterfaceOrientationPortraitUpsideDown UIInterfaceOrientationLandscapeLeft UIInterfaceOrientationLandscapeRight";
				INFOPLIST_KEY_UISupportedInterfaceOrientations_iPhone = "UIInterfaceOrientationPortrait UIInterfaceOrientationLandscapeLeft UIInterfaceOrientationLandscapeRight";
				LD_RUNPATH_SEARCH_PATHS = (
					"$(inherited)",
					"@executable_path/Frameworks",
				);
				MARKETING_VERSION = 1.0;
				PRODUCT_BUNDLE_IDENTIFIER = "soyeon.WAL-History-Pratice";
				PRODUCT_NAME = "$(TARGET_NAME)";
				SWIFT_EMIT_LOC_STRINGS = YES;
				SWIFT_VERSION = 5.0;
				TARGETED_DEVICE_FAMILY = "1,2";
			};
			name = Debug;
		};
		92534E50281854F8002ABD91 /* Release */ = {
			isa = XCBuildConfiguration;
			buildSettings = {
				ASSETCATALOG_COMPILER_APPICON_NAME = AppIcon;
				ASSETCATALOG_COMPILER_GLOBAL_ACCENT_COLOR_NAME = AccentColor;
				CODE_SIGN_STYLE = Automatic;
				CURRENT_PROJECT_VERSION = 1;
				DEVELOPMENT_TEAM = PU64TS56AD;
				GENERATE_INFOPLIST_FILE = YES;
				INFOPLIST_FILE = "WAL-History-Pratice/Info.plist";
				INFOPLIST_KEY_UIApplicationSupportsIndirectInputEvents = YES;
				INFOPLIST_KEY_UILaunchStoryboardName = LaunchScreen;
				INFOPLIST_KEY_UIMainStoryboardFile = Main;
				INFOPLIST_KEY_UISupportedInterfaceOrientations_iPad = "UIInterfaceOrientationPortrait UIInterfaceOrientationPortraitUpsideDown UIInterfaceOrientationLandscapeLeft UIInterfaceOrientationLandscapeRight";
				INFOPLIST_KEY_UISupportedInterfaceOrientations_iPhone = "UIInterfaceOrientationPortrait UIInterfaceOrientationLandscapeLeft UIInterfaceOrientationLandscapeRight";
				LD_RUNPATH_SEARCH_PATHS = (
					"$(inherited)",
					"@executable_path/Frameworks",
				);
				MARKETING_VERSION = 1.0;
				PRODUCT_BUNDLE_IDENTIFIER = "soyeon.WAL-History-Pratice";
				PRODUCT_NAME = "$(TARGET_NAME)";
				SWIFT_EMIT_LOC_STRINGS = YES;
				SWIFT_VERSION = 5.0;
				TARGETED_DEVICE_FAMILY = "1,2";
			};
			name = Release;
		};
/* End XCBuildConfiguration section */

/* Begin XCConfigurationList section */
		92534E35281854F7002ABD91 /* Build configuration list for PBXProject "WAL-History-Pratice" */ = {
			isa = XCConfigurationList;
			buildConfigurations = (
				92534E4C281854F8002ABD91 /* Debug */,
				92534E4D281854F8002ABD91 /* Release */,
			);
			defaultConfigurationIsVisible = 0;
			defaultConfigurationName = Release;
		};
		92534E4E281854F8002ABD91 /* Build configuration list for PBXNativeTarget "WAL-History-Pratice" */ = {
			isa = XCConfigurationList;
			buildConfigurations = (
				92534E4F281854F8002ABD91 /* Debug */,
				92534E50281854F8002ABD91 /* Release */,
			);
			defaultConfigurationIsVisible = 0;
			defaultConfigurationName = Release;
		};
/* End XCConfigurationList section */

/* Begin XCRemoteSwiftPackageReference section */
		92534E5128185C20002ABD91 /* XCRemoteSwiftPackageReference "SnapKit" */ = {
			isa = XCRemoteSwiftPackageReference;
			repositoryURL = "https://github.com/SnapKit/SnapKit.git";
			requirement = {
				branch = develop;
				kind = branch;
			};
		};
		92534E5428185C32002ABD91 /* XCRemoteSwiftPackageReference "Then" */ = {
			isa = XCRemoteSwiftPackageReference;
			repositoryURL = "https://github.com/devxoul/Then";
			requirement = {
				branch = master;
				kind = branch;
			};
		};
/* End XCRemoteSwiftPackageReference section */

/* Begin XCSwiftPackageProductDependency section */
		92534E5228185C20002ABD91 /* SnapKit */ = {
			isa = XCSwiftPackageProductDependency;
			package = 92534E5128185C20002ABD91 /* XCRemoteSwiftPackageReference "SnapKit" */;
			productName = SnapKit;
		};
		92534E5528185C32002ABD91 /* Then */ = {
			isa = XCSwiftPackageProductDependency;
			package = 92534E5428185C32002ABD91 /* XCRemoteSwiftPackageReference "Then" */;
			productName = Then;
		};
/* End XCSwiftPackageProductDependency section */
	};
	rootObject = 92534E32281854F7002ABD91 /* Project object */;
}
