// !$*UTF8*$!
{
	archiveVersion = 1;
	classes = {
	};
	objectVersion = 55;
	objects = {

/* Begin PBXBuildFile section */
		927CD7A72858D38D0040D4F6 /* AppDelegate.swift in Sources */ = {isa = PBXBuildFile; fileRef = 927CD7A62858D38D0040D4F6 /* AppDelegate.swift */; };
		927CD7A92858D38D0040D4F6 /* SceneDelegate.swift in Sources */ = {isa = PBXBuildFile; fileRef = 927CD7A82858D38D0040D4F6 /* SceneDelegate.swift */; };
		927CD7AB2858D38D0040D4F6 /* ViewController.swift in Sources */ = {isa = PBXBuildFile; fileRef = 927CD7AA2858D38D0040D4F6 /* ViewController.swift */; };
		927CD7AE2858D38D0040D4F6 /* Main.storyboard in Resources */ = {isa = PBXBuildFile; fileRef = 927CD7AC2858D38D0040D4F6 /* Main.storyboard */; };
		927CD7B02858D38F0040D4F6 /* Assets.xcassets in Resources */ = {isa = PBXBuildFile; fileRef = 927CD7AF2858D38F0040D4F6 /* Assets.xcassets */; };
		927CD7B32858D38F0040D4F6 /* LaunchScreen.storyboard in Resources */ = {isa = PBXBuildFile; fileRef = 927CD7B12858D38F0040D4F6 /* LaunchScreen.storyboard */; };
		927CD7C42858D4640040D4F6 /* SnapKit in Frameworks */ = {isa = PBXBuildFile; productRef = 927CD7C32858D4640040D4F6 /* SnapKit */; };
		927CD7C72858D4710040D4F6 /* Then in Frameworks */ = {isa = PBXBuildFile; productRef = 927CD7C62858D4710040D4F6 /* Then */; };
		927CD7CA2858D4930040D4F6 /* Moya in Frameworks */ = {isa = PBXBuildFile; productRef = 927CD7C92858D4930040D4F6 /* Moya */; };
		927CD7CD2858D72D0040D4F6 /* GenericResponse.swift in Sources */ = {isa = PBXBuildFile; fileRef = 927CD7CC2858D72D0040D4F6 /* GenericResponse.swift */; };
		927CD7CF2858D74E0040D4F6 /* NetworkResult.swift in Sources */ = {isa = PBXBuildFile; fileRef = 927CD7CE2858D74E0040D4F6 /* NetworkResult.swift */; };
		92975698285A276400A9FFA8 /* MovieAPI.swift in Sources */ = {isa = PBXBuildFile; fileRef = 92975697285A276400A9FFA8 /* MovieAPI.swift */; };
		9297569A285A276D00A9FFA8 /* MovieService.swift in Sources */ = {isa = PBXBuildFile; fileRef = 92975699285A276D00A9FFA8 /* MovieService.swift */; };
		9297569C285A27BB00A9FFA8 /* Const.swift in Sources */ = {isa = PBXBuildFile; fileRef = 9297569B285A27BB00A9FFA8 /* Const.swift */; };
		929756A1285A2FA500A9FFA8 /* MovieRequest.swift in Sources */ = {isa = PBXBuildFile; fileRef = 929756A0285A2FA500A9FFA8 /* MovieRequest.swift */; };
		929756A3285A301500A9FFA8 /* MovieResponse.swift in Sources */ = {isa = PBXBuildFile; fileRef = 929756A2285A301500A9FFA8 /* MovieResponse.swift */; };
		929756A5285A329600A9FFA8 /* MoyaLoggerPlugin.swift in Sources */ = {isa = PBXBuildFile; fileRef = 929756A4285A329600A9FFA8 /* MoyaLoggerPlugin.swift */; };
/* End PBXBuildFile section */

/* Begin PBXFileReference section */
		927CD7A32858D38D0040D4F6 /* Moya-Practice.app */ = {isa = PBXFileReference; explicitFileType = wrapper.application; includeInIndex = 0; path = "Moya-Practice.app"; sourceTree = BUILT_PRODUCTS_DIR; };
		927CD7A62858D38D0040D4F6 /* AppDelegate.swift */ = {isa = PBXFileReference; lastKnownFileType = sourcecode.swift; path = AppDelegate.swift; sourceTree = "<group>"; };
		927CD7A82858D38D0040D4F6 /* SceneDelegate.swift */ = {isa = PBXFileReference; lastKnownFileType = sourcecode.swift; path = SceneDelegate.swift; sourceTree = "<group>"; };
		927CD7AA2858D38D0040D4F6 /* ViewController.swift */ = {isa = PBXFileReference; lastKnownFileType = sourcecode.swift; path = ViewController.swift; sourceTree = "<group>"; };
		927CD7AD2858D38D0040D4F6 /* Base */ = {isa = PBXFileReference; lastKnownFileType = file.storyboard; name = Base; path = Base.lproj/Main.storyboard; sourceTree = "<group>"; };
		927CD7AF2858D38F0040D4F6 /* Assets.xcassets */ = {isa = PBXFileReference; lastKnownFileType = folder.assetcatalog; path = Assets.xcassets; sourceTree = "<group>"; };
		927CD7B22858D38F0040D4F6 /* Base */ = {isa = PBXFileReference; lastKnownFileType = file.storyboard; name = Base; path = Base.lproj/LaunchScreen.storyboard; sourceTree = "<group>"; };
		927CD7B42858D38F0040D4F6 /* Info.plist */ = {isa = PBXFileReference; lastKnownFileType = text.plist.xml; path = Info.plist; sourceTree = "<group>"; };
		927CD7CC2858D72D0040D4F6 /* GenericResponse.swift */ = {isa = PBXFileReference; lastKnownFileType = sourcecode.swift; path = GenericResponse.swift; sourceTree = "<group>"; };
		927CD7CE2858D74E0040D4F6 /* NetworkResult.swift */ = {isa = PBXFileReference; lastKnownFileType = sourcecode.swift; path = NetworkResult.swift; sourceTree = "<group>"; };
		92975697285A276400A9FFA8 /* MovieAPI.swift */ = {isa = PBXFileReference; lastKnownFileType = sourcecode.swift; path = MovieAPI.swift; sourceTree = "<group>"; };
		92975699285A276D00A9FFA8 /* MovieService.swift */ = {isa = PBXFileReference; lastKnownFileType = sourcecode.swift; path = MovieService.swift; sourceTree = "<group>"; };
		9297569B285A27BB00A9FFA8 /* Const.swift */ = {isa = PBXFileReference; lastKnownFileType = sourcecode.swift; path = Const.swift; sourceTree = "<group>"; };
		929756A0285A2FA500A9FFA8 /* MovieRequest.swift */ = {isa = PBXFileReference; lastKnownFileType = sourcecode.swift; path = MovieRequest.swift; sourceTree = "<group>"; };
		929756A2285A301500A9FFA8 /* MovieResponse.swift */ = {isa = PBXFileReference; lastKnownFileType = sourcecode.swift; path = MovieResponse.swift; sourceTree = "<group>"; };
		929756A4285A329600A9FFA8 /* MoyaLoggerPlugin.swift */ = {isa = PBXFileReference; lastKnownFileType = sourcecode.swift; path = MoyaLoggerPlugin.swift; sourceTree = "<group>"; };
/* End PBXFileReference section */

/* Begin PBXFrameworksBuildPhase section */
		927CD7A02858D38D0040D4F6 /* Frameworks */ = {
			isa = PBXFrameworksBuildPhase;
			buildActionMask = 2147483647;
			files = (
				927CD7C42858D4640040D4F6 /* SnapKit in Frameworks */,
				927CD7C72858D4710040D4F6 /* Then in Frameworks */,
				927CD7CA2858D4930040D4F6 /* Moya in Frameworks */,
			);
			runOnlyForDeploymentPostprocessing = 0;
		};
/* End PBXFrameworksBuildPhase section */

/* Begin PBXGroup section */
		927CD79A2858D38D0040D4F6 = {
			isa = PBXGroup;
			children = (
				927CD7A52858D38D0040D4F6 /* Moya-Practice */,
				927CD7A42858D38D0040D4F6 /* Products */,
			);
			sourceTree = "<group>";
		};
		927CD7A42858D38D0040D4F6 /* Products */ = {
			isa = PBXGroup;
			children = (
				927CD7A32858D38D0040D4F6 /* Moya-Practice.app */,
			);
			name = Products;
			sourceTree = "<group>";
		};
		927CD7A52858D38D0040D4F6 /* Moya-Practice */ = {
			isa = PBXGroup;
			children = (
				927CD7BD2858D3AE0040D4F6 /* Global */,
				927CD7BC2858D3A80040D4F6 /* Network */,
				927CD7BB2858D3A20040D4F6 /* Resource */,
				927CD7BA2858D39B0040D4F6 /* Screen */,
			);
			path = "Moya-Practice";
			sourceTree = "<group>";
		};
		927CD7BA2858D39B0040D4F6 /* Screen */ = {
			isa = PBXGroup;
			children = (
				927CD7C12858D3E10040D4F6 /* Home */,
			);
			path = Screen;
			sourceTree = "<group>";
		};
		927CD7BB2858D3A20040D4F6 /* Resource */ = {
			isa = PBXGroup;
			children = (
				927CD7C02858D3CF0040D4F6 /* Storyboard */,
				927CD7BF2858D3C90040D4F6 /* Asset */,
			);
			path = Resource;
			sourceTree = "<group>";
		};
		927CD7BC2858D3A80040D4F6 /* Network */ = {
			isa = PBXGroup;
			children = (
				927CD7D02858D77F0040D4F6 /* Movie */,
				927CD7CB2858D71F0040D4F6 /* Base */,
			);
			path = Network;
			sourceTree = "<group>";
		};
		927CD7BD2858D3AE0040D4F6 /* Global */ = {
			isa = PBXGroup;
			children = (
				927CD7BE2858D3B90040D4F6 /* Support */,
			);
			path = Global;
			sourceTree = "<group>";
		};
		927CD7BE2858D3B90040D4F6 /* Support */ = {
			isa = PBXGroup;
			children = (
				927CD7B42858D38F0040D4F6 /* Info.plist */,
				927CD7A62858D38D0040D4F6 /* AppDelegate.swift */,
				927CD7A82858D38D0040D4F6 /* SceneDelegate.swift */,
			);
			path = Support;
			sourceTree = "<group>";
		};
		927CD7BF2858D3C90040D4F6 /* Asset */ = {
			isa = PBXGroup;
			children = (
				927CD7AF2858D38F0040D4F6 /* Assets.xcassets */,
			);
			path = Asset;
			sourceTree = "<group>";
		};
		927CD7C02858D3CF0040D4F6 /* Storyboard */ = {
			isa = PBXGroup;
			children = (
				927CD7AC2858D38D0040D4F6 /* Main.storyboard */,
				927CD7B12858D38F0040D4F6 /* LaunchScreen.storyboard */,
			);
			path = Storyboard;
			sourceTree = "<group>";
		};
		927CD7C12858D3E10040D4F6 /* Home */ = {
			isa = PBXGroup;
			children = (
				9297569D285A2F4C00A9FFA8 /* Model */,
				9297569E285A2F5400A9FFA8 /* View */,
				9297569F285A2F5A00A9FFA8 /* Controller */,
				927CD7AA2858D38D0040D4F6 /* ViewController.swift */,
			);
			path = Home;
			sourceTree = "<group>";
		};
		927CD7CB2858D71F0040D4F6 /* Base */ = {
			isa = PBXGroup;
			children = (
				927CD7CC2858D72D0040D4F6 /* GenericResponse.swift */,
				927CD7CE2858D74E0040D4F6 /* NetworkResult.swift */,
				9297569B285A27BB00A9FFA8 /* Const.swift */,
				929756A4285A329600A9FFA8 /* MoyaLoggerPlugin.swift */,
			);
			path = Base;
			sourceTree = "<group>";
		};
		927CD7D02858D77F0040D4F6 /* Movie */ = {
			isa = PBXGroup;
			children = (
				92975697285A276400A9FFA8 /* MovieAPI.swift */,
				92975699285A276D00A9FFA8 /* MovieService.swift */,
			);
			path = Movie;
			sourceTree = "<group>";
		};
		9297569D285A2F4C00A9FFA8 /* Model */ = {
			isa = PBXGroup;
			children = (
				929756A0285A2FA500A9FFA8 /* MovieRequest.swift */,
				929756A2285A301500A9FFA8 /* MovieResponse.swift */,
			);
			path = Model;
			sourceTree = "<group>";
		};
		9297569E285A2F5400A9FFA8 /* View */ = {
			isa = PBXGroup;
			children = (
			);
			path = View;
			sourceTree = "<group>";
		};
		9297569F285A2F5A00A9FFA8 /* Controller */ = {
			isa = PBXGroup;
			children = (
			);
			path = Controller;
			sourceTree = "<group>";
		};
/* End PBXGroup section */

/* Begin PBXNativeTarget section */
		927CD7A22858D38D0040D4F6 /* Moya-Practice */ = {
			isa = PBXNativeTarget;
			buildConfigurationList = 927CD7B72858D38F0040D4F6 /* Build configuration list for PBXNativeTarget "Moya-Practice" */;
			buildPhases = (
				927CD79F2858D38D0040D4F6 /* Sources */,
				927CD7A02858D38D0040D4F6 /* Frameworks */,
				927CD7A12858D38D0040D4F6 /* Resources */,
			);
			buildRules = (
			);
			dependencies = (
			);
			name = "Moya-Practice";
			packageProductDependencies = (
				927CD7C32858D4640040D4F6 /* SnapKit */,
				927CD7C62858D4710040D4F6 /* Then */,
				927CD7C92858D4930040D4F6 /* Moya */,
			);
			productName = "Moya-Practice";
			productReference = 927CD7A32858D38D0040D4F6 /* Moya-Practice.app */;
			productType = "com.apple.product-type.application";
		};
/* End PBXNativeTarget section */

/* Begin PBXProject section */
		927CD79B2858D38D0040D4F6 /* Project object */ = {
			isa = PBXProject;
			attributes = {
				BuildIndependentTargetsInParallel = 1;
				LastSwiftUpdateCheck = 1340;
				LastUpgradeCheck = 1340;
				TargetAttributes = {
					927CD7A22858D38D0040D4F6 = {
						CreatedOnToolsVersion = 13.4.1;
					};
				};
			};
			buildConfigurationList = 927CD79E2858D38D0040D4F6 /* Build configuration list for PBXProject "Moya-Practice" */;
			compatibilityVersion = "Xcode 13.0";
			developmentRegion = en;
			hasScannedForEncodings = 0;
			knownRegions = (
				en,
				Base,
			);
			mainGroup = 927CD79A2858D38D0040D4F6;
			packageReferences = (
				927CD7C22858D4640040D4F6 /* XCRemoteSwiftPackageReference "SnapKit" */,
				927CD7C52858D4710040D4F6 /* XCRemoteSwiftPackageReference "Then" */,
				927CD7C82858D4930040D4F6 /* XCRemoteSwiftPackageReference "Moya" */,
			);
			productRefGroup = 927CD7A42858D38D0040D4F6 /* Products */;
			projectDirPath = "";
			projectRoot = "";
			targets = (
				927CD7A22858D38D0040D4F6 /* Moya-Practice */,
			);
		};
/* End PBXProject section */

/* Begin PBXResourcesBuildPhase section */
		927CD7A12858D38D0040D4F6 /* Resources */ = {
			isa = PBXResourcesBuildPhase;
			buildActionMask = 2147483647;
			files = (
				927CD7B32858D38F0040D4F6 /* LaunchScreen.storyboard in Resources */,
				927CD7B02858D38F0040D4F6 /* Assets.xcassets in Resources */,
				927CD7AE2858D38D0040D4F6 /* Main.storyboard in Resources */,
			);
			runOnlyForDeploymentPostprocessing = 0;
		};
/* End PBXResourcesBuildPhase section */

/* Begin PBXSourcesBuildPhase section */
		927CD79F2858D38D0040D4F6 /* Sources */ = {
			isa = PBXSourcesBuildPhase;
			buildActionMask = 2147483647;
			files = (
				927CD7CD2858D72D0040D4F6 /* GenericResponse.swift in Sources */,
				929756A3285A301500A9FFA8 /* MovieResponse.swift in Sources */,
				927CD7CF2858D74E0040D4F6 /* NetworkResult.swift in Sources */,
				929756A1285A2FA500A9FFA8 /* MovieRequest.swift in Sources */,
				927CD7AB2858D38D0040D4F6 /* ViewController.swift in Sources */,
				92975698285A276400A9FFA8 /* MovieAPI.swift in Sources */,
				927CD7A72858D38D0040D4F6 /* AppDelegate.swift in Sources */,
				9297569C285A27BB00A9FFA8 /* Const.swift in Sources */,
				927CD7A92858D38D0040D4F6 /* SceneDelegate.swift in Sources */,
				929756A5285A329600A9FFA8 /* MoyaLoggerPlugin.swift in Sources */,
				9297569A285A276D00A9FFA8 /* MovieService.swift in Sources */,
			);
			runOnlyForDeploymentPostprocessing = 0;
		};
/* End PBXSourcesBuildPhase section */

/* Begin PBXVariantGroup section */
		927CD7AC2858D38D0040D4F6 /* Main.storyboard */ = {
			isa = PBXVariantGroup;
			children = (
				927CD7AD2858D38D0040D4F6 /* Base */,
			);
			name = Main.storyboard;
			sourceTree = "<group>";
		};
		927CD7B12858D38F0040D4F6 /* LaunchScreen.storyboard */ = {
			isa = PBXVariantGroup;
			children = (
				927CD7B22858D38F0040D4F6 /* Base */,
			);
			name = LaunchScreen.storyboard;
			sourceTree = "<group>";
		};
/* End PBXVariantGroup section */

/* Begin XCBuildConfiguration section */
		927CD7B52858D38F0040D4F6 /* Debug */ = {
			isa = XCBuildConfiguration;
			buildSettings = {
				ALWAYS_SEARCH_USER_PATHS = NO;
				CLANG_ANALYZER_NONNULL = YES;
				CLANG_ANALYZER_NUMBER_OBJECT_CONVERSION = YES_AGGRESSIVE;
				CLANG_CXX_LANGUAGE_STANDARD = "gnu++17";
				CLANG_ENABLE_MODULES = YES;
				CLANG_ENABLE_OBJC_ARC = YES;
				CLANG_ENABLE_OBJC_WEAK = YES;
				CLANG_WARN_BLOCK_CAPTURE_AUTORELEASING = YES;
				CLANG_WARN_BOOL_CONVERSION = YES;
				CLANG_WARN_COMMA = YES;
				CLANG_WARN_CONSTANT_CONVERSION = YES;
				CLANG_WARN_DEPRECATED_OBJC_IMPLEMENTATIONS = YES;
				CLANG_WARN_DIRECT_OBJC_ISA_USAGE = YES_ERROR;
				CLANG_WARN_DOCUMENTATION_COMMENTS = YES;
				CLANG_WARN_EMPTY_BODY = YES;
				CLANG_WARN_ENUM_CONVERSION = YES;
				CLANG_WARN_INFINITE_RECURSION = YES;
				CLANG_WARN_INT_CONVERSION = YES;
				CLANG_WARN_NON_LITERAL_NULL_CONVERSION = YES;
				CLANG_WARN_OBJC_IMPLICIT_RETAIN_SELF = YES;
				CLANG_WARN_OBJC_LITERAL_CONVERSION = YES;
				CLANG_WARN_OBJC_ROOT_CLASS = YES_ERROR;
				CLANG_WARN_QUOTED_INCLUDE_IN_FRAMEWORK_HEADER = YES;
				CLANG_WARN_RANGE_LOOP_ANALYSIS = YES;
				CLANG_WARN_STRICT_PROTOTYPES = YES;
				CLANG_WARN_SUSPICIOUS_MOVE = YES;
				CLANG_WARN_UNGUARDED_AVAILABILITY = YES_AGGRESSIVE;
				CLANG_WARN_UNREACHABLE_CODE = YES;
				CLANG_WARN__DUPLICATE_METHOD_MATCH = YES;
				COPY_PHASE_STRIP = NO;
				DEBUG_INFORMATION_FORMAT = dwarf;
				ENABLE_STRICT_OBJC_MSGSEND = YES;
				ENABLE_TESTABILITY = YES;
				GCC_C_LANGUAGE_STANDARD = gnu11;
				GCC_DYNAMIC_NO_PIC = NO;
				GCC_NO_COMMON_BLOCKS = YES;
				GCC_OPTIMIZATION_LEVEL = 0;
				GCC_PREPROCESSOR_DEFINITIONS = (
					"DEBUG=1",
					"$(inherited)",
				);
				GCC_WARN_64_TO_32_BIT_CONVERSION = YES;
				GCC_WARN_ABOUT_RETURN_TYPE = YES_ERROR;
				GCC_WARN_UNDECLARED_SELECTOR = YES;
				GCC_WARN_UNINITIALIZED_AUTOS = YES_AGGRESSIVE;
				GCC_WARN_UNUSED_FUNCTION = YES;
				GCC_WARN_UNUSED_VARIABLE = YES;
				IPHONEOS_DEPLOYMENT_TARGET = 15.5;
				MTL_ENABLE_DEBUG_INFO = INCLUDE_SOURCE;
				MTL_FAST_MATH = YES;
				ONLY_ACTIVE_ARCH = YES;
				SDKROOT = iphoneos;
				SWIFT_ACTIVE_COMPILATION_CONDITIONS = DEBUG;
				SWIFT_OPTIMIZATION_LEVEL = "-Onone";
			};
			name = Debug;
		};
		927CD7B62858D38F0040D4F6 /* Release */ = {
			isa = XCBuildConfiguration;
			buildSettings = {
				ALWAYS_SEARCH_USER_PATHS = NO;
				CLANG_ANALYZER_NONNULL = YES;
				CLANG_ANALYZER_NUMBER_OBJECT_CONVERSION = YES_AGGRESSIVE;
				CLANG_CXX_LANGUAGE_STANDARD = "gnu++17";
				CLANG_ENABLE_MODULES = YES;
				CLANG_ENABLE_OBJC_ARC = YES;
				CLANG_ENABLE_OBJC_WEAK = YES;
				CLANG_WARN_BLOCK_CAPTURE_AUTORELEASING = YES;
				CLANG_WARN_BOOL_CONVERSION = YES;
				CLANG_WARN_COMMA = YES;
				CLANG_WARN_CONSTANT_CONVERSION = YES;
				CLANG_WARN_DEPRECATED_OBJC_IMPLEMENTATIONS = YES;
				CLANG_WARN_DIRECT_OBJC_ISA_USAGE = YES_ERROR;
				CLANG_WARN_DOCUMENTATION_COMMENTS = YES;
				CLANG_WARN_EMPTY_BODY = YES;
				CLANG_WARN_ENUM_CONVERSION = YES;
				CLANG_WARN_INFINITE_RECURSION = YES;
				CLANG_WARN_INT_CONVERSION = YES;
				CLANG_WARN_NON_LITERAL_NULL_CONVERSION = YES;
				CLANG_WARN_OBJC_IMPLICIT_RETAIN_SELF = YES;
				CLANG_WARN_OBJC_LITERAL_CONVERSION = YES;
				CLANG_WARN_OBJC_ROOT_CLASS = YES_ERROR;
				CLANG_WARN_QUOTED_INCLUDE_IN_FRAMEWORK_HEADER = YES;
				CLANG_WARN_RANGE_LOOP_ANALYSIS = YES;
				CLANG_WARN_STRICT_PROTOTYPES = YES;
				CLANG_WARN_SUSPICIOUS_MOVE = YES;
				CLANG_WARN_UNGUARDED_AVAILABILITY = YES_AGGRESSIVE;
				CLANG_WARN_UNREACHABLE_CODE = YES;
				CLANG_WARN__DUPLICATE_METHOD_MATCH = YES;
				COPY_PHASE_STRIP = NO;
				DEBUG_INFORMATION_FORMAT = "dwarf-with-dsym";
				ENABLE_NS_ASSERTIONS = NO;
				ENABLE_STRICT_OBJC_MSGSEND = YES;
				GCC_C_LANGUAGE_STANDARD = gnu11;
				GCC_NO_COMMON_BLOCKS = YES;
				GCC_WARN_64_TO_32_BIT_CONVERSION = YES;
				GCC_WARN_ABOUT_RETURN_TYPE = YES_ERROR;
				GCC_WARN_UNDECLARED_SELECTOR = YES;
				GCC_WARN_UNINITIALIZED_AUTOS = YES_AGGRESSIVE;
				GCC_WARN_UNUSED_FUNCTION = YES;
				GCC_WARN_UNUSED_VARIABLE = YES;
				IPHONEOS_DEPLOYMENT_TARGET = 15.5;
				MTL_ENABLE_DEBUG_INFO = NO;
				MTL_FAST_MATH = YES;
				SDKROOT = iphoneos;
				SWIFT_COMPILATION_MODE = wholemodule;
				SWIFT_OPTIMIZATION_LEVEL = "-O";
				VALIDATE_PRODUCT = YES;
			};
			name = Release;
		};
		927CD7B82858D38F0040D4F6 /* Debug */ = {
			isa = XCBuildConfiguration;
			buildSettings = {
				ASSETCATALOG_COMPILER_APPICON_NAME = AppIcon;
				ASSETCATALOG_COMPILER_GLOBAL_ACCENT_COLOR_NAME = AccentColor;
				CODE_SIGN_STYLE = Automatic;
				CURRENT_PROJECT_VERSION = 1;
				DEVELOPMENT_TEAM = PU64TS56AD;
				GENERATE_INFOPLIST_FILE = YES;
				INFOPLIST_FILE = "Moya-Practice/Global/Support/Info.plist";
				INFOPLIST_KEY_UIApplicationSupportsIndirectInputEvents = YES;
				INFOPLIST_KEY_UILaunchStoryboardName = LaunchScreen;
				INFOPLIST_KEY_UIMainStoryboardFile = Main;
				INFOPLIST_KEY_UISupportedInterfaceOrientations_iPad = "UIInterfaceOrientationPortrait UIInterfaceOrientationPortraitUpsideDown UIInterfaceOrientationLandscapeLeft UIInterfaceOrientationLandscapeRight";
				INFOPLIST_KEY_UISupportedInterfaceOrientations_iPhone = "UIInterfaceOrientationPortrait UIInterfaceOrientationLandscapeLeft UIInterfaceOrientationLandscapeRight";
				LD_RUNPATH_SEARCH_PATHS = (
					"$(inherited)",
					"@executable_path/Frameworks",
				);
				MARKETING_VERSION = 1.0;
				PRODUCT_BUNDLE_IDENTIFIER = "soyeon.Moya-Practice";
				PRODUCT_NAME = "$(TARGET_NAME)";
				SWIFT_EMIT_LOC_STRINGS = YES;
				SWIFT_VERSION = 5.0;
				TARGETED_DEVICE_FAMILY = "1,2";
			};
			name = Debug;
		};
		927CD7B92858D38F0040D4F6 /* Release */ = {
			isa = XCBuildConfiguration;
			buildSettings = {
				ASSETCATALOG_COMPILER_APPICON_NAME = AppIcon;
				ASSETCATALOG_COMPILER_GLOBAL_ACCENT_COLOR_NAME = AccentColor;
				CODE_SIGN_STYLE = Automatic;
				CURRENT_PROJECT_VERSION = 1;
				DEVELOPMENT_TEAM = PU64TS56AD;
				GENERATE_INFOPLIST_FILE = YES;
				INFOPLIST_FILE = "Moya-Practice/Global/Support/Info.plist";
				INFOPLIST_KEY_UIApplicationSupportsIndirectInputEvents = YES;
				INFOPLIST_KEY_UILaunchStoryboardName = LaunchScreen;
				INFOPLIST_KEY_UIMainStoryboardFile = Main;
				INFOPLIST_KEY_UISupportedInterfaceOrientations_iPad = "UIInterfaceOrientationPortrait UIInterfaceOrientationPortraitUpsideDown UIInterfaceOrientationLandscapeLeft UIInterfaceOrientationLandscapeRight";
				INFOPLIST_KEY_UISupportedInterfaceOrientations_iPhone = "UIInterfaceOrientationPortrait UIInterfaceOrientationLandscapeLeft UIInterfaceOrientationLandscapeRight";
				LD_RUNPATH_SEARCH_PATHS = (
					"$(inherited)",
					"@executable_path/Frameworks",
				);
				MARKETING_VERSION = 1.0;
				PRODUCT_BUNDLE_IDENTIFIER = "soyeon.Moya-Practice";
				PRODUCT_NAME = "$(TARGET_NAME)";
				SWIFT_EMIT_LOC_STRINGS = YES;
				SWIFT_VERSION = 5.0;
				TARGETED_DEVICE_FAMILY = "1,2";
			};
			name = Release;
		};
/* End XCBuildConfiguration section */

/* Begin XCConfigurationList section */
		927CD79E2858D38D0040D4F6 /* Build configuration list for PBXProject "Moya-Practice" */ = {
			isa = XCConfigurationList;
			buildConfigurations = (
				927CD7B52858D38F0040D4F6 /* Debug */,
				927CD7B62858D38F0040D4F6 /* Release */,
			);
			defaultConfigurationIsVisible = 0;
			defaultConfigurationName = Release;
		};
		927CD7B72858D38F0040D4F6 /* Build configuration list for PBXNativeTarget "Moya-Practice" */ = {
			isa = XCConfigurationList;
			buildConfigurations = (
				927CD7B82858D38F0040D4F6 /* Debug */,
				927CD7B92858D38F0040D4F6 /* Release */,
			);
			defaultConfigurationIsVisible = 0;
			defaultConfigurationName = Release;
		};
/* End XCConfigurationList section */

/* Begin XCRemoteSwiftPackageReference section */
		927CD7C22858D4640040D4F6 /* XCRemoteSwiftPackageReference "SnapKit" */ = {
			isa = XCRemoteSwiftPackageReference;
			repositoryURL = "https://github.com/SnapKit/SnapKit.git";
			requirement = {
				branch = develop;
				kind = branch;
			};
		};
		927CD7C52858D4710040D4F6 /* XCRemoteSwiftPackageReference "Then" */ = {
			isa = XCRemoteSwiftPackageReference;
			repositoryURL = "https://github.com/devxoul/Then";
			requirement = {
				kind = upToNextMajorVersion;
				minimumVersion = 3.0.0;
			};
		};
		927CD7C82858D4930040D4F6 /* XCRemoteSwiftPackageReference "Moya" */ = {
			isa = XCRemoteSwiftPackageReference;
			repositoryURL = "https://github.com/Moya/Moya.git";
			requirement = {
				branch = master;
				kind = branch;
			};
		};
/* End XCRemoteSwiftPackageReference section */

/* Begin XCSwiftPackageProductDependency section */
		927CD7C32858D4640040D4F6 /* SnapKit */ = {
			isa = XCSwiftPackageProductDependency;
			package = 927CD7C22858D4640040D4F6 /* XCRemoteSwiftPackageReference "SnapKit" */;
			productName = SnapKit;
		};
		927CD7C62858D4710040D4F6 /* Then */ = {
			isa = XCSwiftPackageProductDependency;
			package = 927CD7C52858D4710040D4F6 /* XCRemoteSwiftPackageReference "Then" */;
			productName = Then;
		};
		927CD7C92858D4930040D4F6 /* Moya */ = {
			isa = XCSwiftPackageProductDependency;
			package = 927CD7C82858D4930040D4F6 /* XCRemoteSwiftPackageReference "Moya" */;
			productName = Moya;
		};
/* End XCSwiftPackageProductDependency section */
	};
	rootObject = 927CD79B2858D38D0040D4F6 /* Project object */;
}
