// !$*UTF8*$!
{
	archiveVersion = 1;
	classes = {
	};
	objectVersion = 55;
	objects = {

/* Begin PBXBuildFile section */
		9286154B2845201300A31F81 /* SnapKit in Frameworks */ = {isa = PBXBuildFile; productRef = 9286154A2845201300A31F81 /* SnapKit */; };
		9286154E2845202400A31F81 /* Then in Frameworks */ = {isa = PBXBuildFile; productRef = 9286154D2845202400A31F81 /* Then */; };
		92CA8D182848F83B0014282E /* MovieViewController.swift in Sources */ = {isa = PBXBuildFile; fileRef = 92CA8D172848F83B0014282E /* MovieViewController.swift */; };
		92CA8D1B2848F87D0014282E /* MovieCollectionViewCell.swift in Sources */ = {isa = PBXBuildFile; fileRef = 92CA8D1A2848F87D0014282E /* MovieCollectionViewCell.swift */; };
		92CA8D1D2848F8FB0014282E /* Movie.swift in Sources */ = {isa = PBXBuildFile; fileRef = 92CA8D1C2848F8FB0014282E /* Movie.swift */; };
		92CA8D1F2848F9230014282E /* MovieViewModel.swift in Sources */ = {isa = PBXBuildFile; fileRef = 92CA8D1E2848F9230014282E /* MovieViewModel.swift */; };
		92CA8D212848F9490014282E /* ApiService.swift in Sources */ = {isa = PBXBuildFile; fileRef = 92CA8D202848F9490014282E /* ApiService.swift */; };
		92DD4F772841D12C0020CABF /* AppDelegate.swift in Sources */ = {isa = PBXBuildFile; fileRef = 92DD4F762841D12C0020CABF /* AppDelegate.swift */; };
		92DD4F792841D12C0020CABF /* SceneDelegate.swift in Sources */ = {isa = PBXBuildFile; fileRef = 92DD4F782841D12C0020CABF /* SceneDelegate.swift */; };
		92DD4F7B2841D12C0020CABF /* ViewController.swift in Sources */ = {isa = PBXBuildFile; fileRef = 92DD4F7A2841D12C0020CABF /* ViewController.swift */; };
		92DD4F7E2841D12C0020CABF /* Main.storyboard in Resources */ = {isa = PBXBuildFile; fileRef = 92DD4F7C2841D12C0020CABF /* Main.storyboard */; };
		92DD4F802841D1300020CABF /* Assets.xcassets in Resources */ = {isa = PBXBuildFile; fileRef = 92DD4F7F2841D1300020CABF /* Assets.xcassets */; };
		92DD4F832841D1300020CABF /* LaunchScreen.storyboard in Resources */ = {isa = PBXBuildFile; fileRef = 92DD4F812841D1300020CABF /* LaunchScreen.storyboard */; };
/* End PBXBuildFile section */

/* Begin PBXFileReference section */
		92CA8D172848F83B0014282E /* MovieViewController.swift */ = {isa = PBXFileReference; lastKnownFileType = sourcecode.swift; path = MovieViewController.swift; sourceTree = "<group>"; };
		92CA8D1A2848F87D0014282E /* MovieCollectionViewCell.swift */ = {isa = PBXFileReference; lastKnownFileType = sourcecode.swift; path = MovieCollectionViewCell.swift; sourceTree = "<group>"; };
		92CA8D1C2848F8FB0014282E /* Movie.swift */ = {isa = PBXFileReference; lastKnownFileType = sourcecode.swift; path = Movie.swift; sourceTree = "<group>"; };
		92CA8D1E2848F9230014282E /* MovieViewModel.swift */ = {isa = PBXFileReference; lastKnownFileType = sourcecode.swift; path = MovieViewModel.swift; sourceTree = "<group>"; };
		92CA8D202848F9490014282E /* ApiService.swift */ = {isa = PBXFileReference; lastKnownFileType = sourcecode.swift; path = ApiService.swift; sourceTree = "<group>"; };
		92DD4F732841D12C0020CABF /* Movie-Practice.app */ = {isa = PBXFileReference; explicitFileType = wrapper.application; includeInIndex = 0; path = "Movie-Practice.app"; sourceTree = BUILT_PRODUCTS_DIR; };
		92DD4F762841D12C0020CABF /* AppDelegate.swift */ = {isa = PBXFileReference; lastKnownFileType = sourcecode.swift; path = AppDelegate.swift; sourceTree = "<group>"; };
		92DD4F782841D12C0020CABF /* SceneDelegate.swift */ = {isa = PBXFileReference; lastKnownFileType = sourcecode.swift; path = SceneDelegate.swift; sourceTree = "<group>"; };
		92DD4F7A2841D12C0020CABF /* ViewController.swift */ = {isa = PBXFileReference; lastKnownFileType = sourcecode.swift; path = ViewController.swift; sourceTree = "<group>"; };
		92DD4F7D2841D12C0020CABF /* Base */ = {isa = PBXFileReference; lastKnownFileType = file.storyboard; name = Base; path = Base.lproj/Main.storyboard; sourceTree = "<group>"; };
		92DD4F7F2841D1300020CABF /* Assets.xcassets */ = {isa = PBXFileReference; lastKnownFileType = folder.assetcatalog; path = Assets.xcassets; sourceTree = "<group>"; };
		92DD4F822841D1300020CABF /* Base */ = {isa = PBXFileReference; lastKnownFileType = file.storyboard; name = Base; path = Base.lproj/LaunchScreen.storyboard; sourceTree = "<group>"; };
		92DD4F842841D1300020CABF /* Info.plist */ = {isa = PBXFileReference; lastKnownFileType = text.plist.xml; path = Info.plist; sourceTree = "<group>"; };
/* End PBXFileReference section */

/* Begin PBXFrameworksBuildPhase section */
		92DD4F702841D12C0020CABF /* Frameworks */ = {
			isa = PBXFrameworksBuildPhase;
			buildActionMask = 2147483647;
			files = (
				9286154B2845201300A31F81 /* SnapKit in Frameworks */,
				9286154E2845202400A31F81 /* Then in Frameworks */,
			);
			runOnlyForDeploymentPostprocessing = 0;
		};
/* End PBXFrameworksBuildPhase section */

/* Begin PBXGroup section */
		9286154F2845ED1D00A31F81 /* Home */ = {
			isa = PBXGroup;
			children = (
				92CA8D02284893210014282E /* Model */,
				92CA8D012848931B0014282E /* View */,
				92CA8D192848F8560014282E /* ViewModel */,
				92CA8D00284893150014282E /* Controller */,
			);
			path = Home;
			sourceTree = "<group>";
		};
		92CA8D00284893150014282E /* Controller */ = {
			isa = PBXGroup;
			children = (
				92CA8D172848F83B0014282E /* MovieViewController.swift */,
			);
			path = Controller;
			sourceTree = "<group>";
		};
		92CA8D012848931B0014282E /* View */ = {
			isa = PBXGroup;
			children = (
				92CA8D1A2848F87D0014282E /* MovieCollectionViewCell.swift */,
			);
			path = View;
			sourceTree = "<group>";
		};
		92CA8D02284893210014282E /* Model */ = {
			isa = PBXGroup;
			children = (
				92CA8D1C2848F8FB0014282E /* Movie.swift */,
			);
			path = Model;
			sourceTree = "<group>";
		};
		92CA8D05284893E50014282E /* Network */ = {
			isa = PBXGroup;
			children = (
				92CA8D202848F9490014282E /* ApiService.swift */,
			);
			path = Network;
			sourceTree = "<group>";
		};
		92CA8D192848F8560014282E /* ViewModel */ = {
			isa = PBXGroup;
			children = (
				92CA8D1E2848F9230014282E /* MovieViewModel.swift */,
			);
			path = ViewModel;
			sourceTree = "<group>";
		};
		92DD4F6A2841D12C0020CABF = {
			isa = PBXGroup;
			children = (
				92DD4F752841D12C0020CABF /* Movie-Practice */,
				92DD4F742841D12C0020CABF /* Products */,
			);
			sourceTree = "<group>";
		};
		92DD4F742841D12C0020CABF /* Products */ = {
			isa = PBXGroup;
			children = (
				92DD4F732841D12C0020CABF /* Movie-Practice.app */,
			);
			name = Products;
			sourceTree = "<group>";
		};
		92DD4F752841D12C0020CABF /* Movie-Practice */ = {
			isa = PBXGroup;
			children = (
				92DD4F8D2841EE770020CABF /* Global */,
				92DD4F8C2841EE650020CABF /* Resource */,
				92DD4F8B2841EE5F0020CABF /* Screen */,
			);
			path = "Movie-Practice";
			sourceTree = "<group>";
		};
		92DD4F8A2841EE510020CABF /* Support */ = {
			isa = PBXGroup;
			children = (
				92DD4F762841D12C0020CABF /* AppDelegate.swift */,
				92DD4F782841D12C0020CABF /* SceneDelegate.swift */,
			);
			path = Support;
			sourceTree = "<group>";
		};
		92DD4F8B2841EE5F0020CABF /* Screen */ = {
			isa = PBXGroup;
			children = (
				9286154F2845ED1D00A31F81 /* Home */,
				92DD4F7A2841D12C0020CABF /* ViewController.swift */,
			);
			path = Screen;
			sourceTree = "<group>";
		};
		92DD4F8C2841EE650020CABF /* Resource */ = {
			isa = PBXGroup;
			children = (
				92DD4F7C2841D12C0020CABF /* Main.storyboard */,
				92DD4F7F2841D1300020CABF /* Assets.xcassets */,
				92DD4F812841D1300020CABF /* LaunchScreen.storyboard */,
			);
			path = Resource;
			sourceTree = "<group>";
		};
		92DD4F8D2841EE770020CABF /* Global */ = {
			isa = PBXGroup;
			children = (
				92DD4F842841D1300020CABF /* Info.plist */,
				92CA8D05284893E50014282E /* Network */,
				92DD4F8A2841EE510020CABF /* Support */,
			);
			path = Global;
			sourceTree = "<group>";
		};
/* End PBXGroup section */

/* Begin PBXNativeTarget section */
		92DD4F722841D12C0020CABF /* Movie-Practice */ = {
			isa = PBXNativeTarget;
			buildConfigurationList = 92DD4F872841D1300020CABF /* Build configuration list for PBXNativeTarget "Movie-Practice" */;
			buildPhases = (
				92DD4F6F2841D12C0020CABF /* Sources */,
				92DD4F702841D12C0020CABF /* Frameworks */,
				92DD4F712841D12C0020CABF /* Resources */,
			);
			buildRules = (
			);
			dependencies = (
			);
			name = "Movie-Practice";
			packageProductDependencies = (
				9286154A2845201300A31F81 /* SnapKit */,
				9286154D2845202400A31F81 /* Then */,
			);
			productName = "Movie-Practice";
			productReference = 92DD4F732841D12C0020CABF /* Movie-Practice.app */;
			productType = "com.apple.product-type.application";
		};
/* End PBXNativeTarget section */

/* Begin PBXProject section */
		92DD4F6B2841D12C0020CABF /* Project object */ = {
			isa = PBXProject;
			attributes = {
				BuildIndependentTargetsInParallel = 1;
				LastSwiftUpdateCheck = 1340;
				LastUpgradeCheck = 1340;
				TargetAttributes = {
					92DD4F722841D12C0020CABF = {
						CreatedOnToolsVersion = 13.4;
					};
				};
			};
			buildConfigurationList = 92DD4F6E2841D12C0020CABF /* Build configuration list for PBXProject "Movie-Practice" */;
			compatibilityVersion = "Xcode 13.0";
			developmentRegion = en;
			hasScannedForEncodings = 0;
			knownRegions = (
				en,
				Base,
			);
			mainGroup = 92DD4F6A2841D12C0020CABF;
			packageReferences = (
				928615492845201300A31F81 /* XCRemoteSwiftPackageReference "SnapKit" */,
				9286154C2845202400A31F81 /* XCRemoteSwiftPackageReference "Then" */,
			);
			productRefGroup = 92DD4F742841D12C0020CABF /* Products */;
			projectDirPath = "";
			projectRoot = "";
			targets = (
				92DD4F722841D12C0020CABF /* Movie-Practice */,
			);
		};
/* End PBXProject section */

/* Begin PBXResourcesBuildPhase section */
		92DD4F712841D12C0020CABF /* Resources */ = {
			isa = PBXResourcesBuildPhase;
			buildActionMask = 2147483647;
			files = (
				92DD4F832841D1300020CABF /* LaunchScreen.storyboard in Resources */,
				92DD4F802841D1300020CABF /* Assets.xcassets in Resources */,
				92DD4F7E2841D12C0020CABF /* Main.storyboard in Resources */,
			);
			runOnlyForDeploymentPostprocessing = 0;
		};
/* End PBXResourcesBuildPhase section */

/* Begin PBXSourcesBuildPhase section */
		92DD4F6F2841D12C0020CABF /* Sources */ = {
			isa = PBXSourcesBuildPhase;
			buildActionMask = 2147483647;
			files = (
				92DD4F7B2841D12C0020CABF /* ViewController.swift in Sources */,
				92DD4F772841D12C0020CABF /* AppDelegate.swift in Sources */,
				92CA8D1D2848F8FB0014282E /* Movie.swift in Sources */,
				92CA8D1B2848F87D0014282E /* MovieCollectionViewCell.swift in Sources */,
				92DD4F792841D12C0020CABF /* SceneDelegate.swift in Sources */,
				92CA8D1F2848F9230014282E /* MovieViewModel.swift in Sources */,
				92CA8D212848F9490014282E /* ApiService.swift in Sources */,
				92CA8D182848F83B0014282E /* MovieViewController.swift in Sources */,
			);
			runOnlyForDeploymentPostprocessing = 0;
		};
/* End PBXSourcesBuildPhase section */

/* Begin PBXVariantGroup section */
		92DD4F7C2841D12C0020CABF /* Main.storyboard */ = {
			isa = PBXVariantGroup;
			children = (
				92DD4F7D2841D12C0020CABF /* Base */,
			);
			name = Main.storyboard;
			sourceTree = "<group>";
		};
		92DD4F812841D1300020CABF /* LaunchScreen.storyboard */ = {
			isa = PBXVariantGroup;
			children = (
				92DD4F822841D1300020CABF /* Base */,
			);
			name = LaunchScreen.storyboard;
			sourceTree = "<group>";
		};
/* End PBXVariantGroup section */

/* Begin XCBuildConfiguration section */
		92DD4F852841D1300020CABF /* Debug */ = {
			isa = XCBuildConfiguration;
			buildSettings = {
				ALWAYS_SEARCH_USER_PATHS = NO;
				CLANG_ANALYZER_NONNULL = YES;
				CLANG_ANALYZER_NUMBER_OBJECT_CONVERSION = YES_AGGRESSIVE;
				CLANG_CXX_LANGUAGE_STANDARD = "gnu++17";
				CLANG_ENABLE_MODULES = YES;
				CLANG_ENABLE_OBJC_ARC = YES;
				CLANG_ENABLE_OBJC_WEAK = YES;
				CLANG_WARN_BLOCK_CAPTURE_AUTORELEASING = YES;
				CLANG_WARN_BOOL_CONVERSION = YES;
				CLANG_WARN_COMMA = YES;
				CLANG_WARN_CONSTANT_CONVERSION = YES;
				CLANG_WARN_DEPRECATED_OBJC_IMPLEMENTATIONS = YES;
				CLANG_WARN_DIRECT_OBJC_ISA_USAGE = YES_ERROR;
				CLANG_WARN_DOCUMENTATION_COMMENTS = YES;
				CLANG_WARN_EMPTY_BODY = YES;
				CLANG_WARN_ENUM_CONVERSION = YES;
				CLANG_WARN_INFINITE_RECURSION = YES;
				CLANG_WARN_INT_CONVERSION = YES;
				CLANG_WARN_NON_LITERAL_NULL_CONVERSION = YES;
				CLANG_WARN_OBJC_IMPLICIT_RETAIN_SELF = YES;
				CLANG_WARN_OBJC_LITERAL_CONVERSION = YES;
				CLANG_WARN_OBJC_ROOT_CLASS = YES_ERROR;
				CLANG_WARN_QUOTED_INCLUDE_IN_FRAMEWORK_HEADER = YES;
				CLANG_WARN_RANGE_LOOP_ANALYSIS = YES;
				CLANG_WARN_STRICT_PROTOTYPES = YES;
				CLANG_WARN_SUSPICIOUS_MOVE = YES;
				CLANG_WARN_UNGUARDED_AVAILABILITY = YES_AGGRESSIVE;
				CLANG_WARN_UNREACHABLE_CODE = YES;
				CLANG_WARN__DUPLICATE_METHOD_MATCH = YES;
				COPY_PHASE_STRIP = NO;
				DEBUG_INFORMATION_FORMAT = dwarf;
				ENABLE_STRICT_OBJC_MSGSEND = YES;
				ENABLE_TESTABILITY = YES;
				GCC_C_LANGUAGE_STANDARD = gnu11;
				GCC_DYNAMIC_NO_PIC = NO;
				GCC_NO_COMMON_BLOCKS = YES;
				GCC_OPTIMIZATION_LEVEL = 0;
				GCC_PREPROCESSOR_DEFINITIONS = (
					"DEBUG=1",
					"$(inherited)",
				);
				GCC_WARN_64_TO_32_BIT_CONVERSION = YES;
				GCC_WARN_ABOUT_RETURN_TYPE = YES_ERROR;
				GCC_WARN_UNDECLARED_SELECTOR = YES;
				GCC_WARN_UNINITIALIZED_AUTOS = YES_AGGRESSIVE;
				GCC_WARN_UNUSED_FUNCTION = YES;
				GCC_WARN_UNUSED_VARIABLE = YES;
				IPHONEOS_DEPLOYMENT_TARGET = 15.5;
				MTL_ENABLE_DEBUG_INFO = INCLUDE_SOURCE;
				MTL_FAST_MATH = YES;
				ONLY_ACTIVE_ARCH = YES;
				SDKROOT = iphoneos;
				SWIFT_ACTIVE_COMPILATION_CONDITIONS = DEBUG;
				SWIFT_OPTIMIZATION_LEVEL = "-Onone";
			};
			name = Debug;
		};
		92DD4F862841D1300020CABF /* Release */ = {
			isa = XCBuildConfiguration;
			buildSettings = {
				ALWAYS_SEARCH_USER_PATHS = NO;
				CLANG_ANALYZER_NONNULL = YES;
				CLANG_ANALYZER_NUMBER_OBJECT_CONVERSION = YES_AGGRESSIVE;
				CLANG_CXX_LANGUAGE_STANDARD = "gnu++17";
				CLANG_ENABLE_MODULES = YES;
				CLANG_ENABLE_OBJC_ARC = YES;
				CLANG_ENABLE_OBJC_WEAK = YES;
				CLANG_WARN_BLOCK_CAPTURE_AUTORELEASING = YES;
				CLANG_WARN_BOOL_CONVERSION = YES;
				CLANG_WARN_COMMA = YES;
				CLANG_WARN_CONSTANT_CONVERSION = YES;
				CLANG_WARN_DEPRECATED_OBJC_IMPLEMENTATIONS = YES;
				CLANG_WARN_DIRECT_OBJC_ISA_USAGE = YES_ERROR;
				CLANG_WARN_DOCUMENTATION_COMMENTS = YES;
				CLANG_WARN_EMPTY_BODY = YES;
				CLANG_WARN_ENUM_CONVERSION = YES;
				CLANG_WARN_INFINITE_RECURSION = YES;
				CLANG_WARN_INT_CONVERSION = YES;
				CLANG_WARN_NON_LITERAL_NULL_CONVERSION = YES;
				CLANG_WARN_OBJC_IMPLICIT_RETAIN_SELF = YES;
				CLANG_WARN_OBJC_LITERAL_CONVERSION = YES;
				CLANG_WARN_OBJC_ROOT_CLASS = YES_ERROR;
				CLANG_WARN_QUOTED_INCLUDE_IN_FRAMEWORK_HEADER = YES;
				CLANG_WARN_RANGE_LOOP_ANALYSIS = YES;
				CLANG_WARN_STRICT_PROTOTYPES = YES;
				CLANG_WARN_SUSPICIOUS_MOVE = YES;
				CLANG_WARN_UNGUARDED_AVAILABILITY = YES_AGGRESSIVE;
				CLANG_WARN_UNREACHABLE_CODE = YES;
				CLANG_WARN__DUPLICATE_METHOD_MATCH = YES;
				COPY_PHASE_STRIP = NO;
				DEBUG_INFORMATION_FORMAT = "dwarf-with-dsym";
				ENABLE_NS_ASSERTIONS = NO;
				ENABLE_STRICT_OBJC_MSGSEND = YES;
				GCC_C_LANGUAGE_STANDARD = gnu11;
				GCC_NO_COMMON_BLOCKS = YES;
				GCC_WARN_64_TO_32_BIT_CONVERSION = YES;
				GCC_WARN_ABOUT_RETURN_TYPE = YES_ERROR;
				GCC_WARN_UNDECLARED_SELECTOR = YES;
				GCC_WARN_UNINITIALIZED_AUTOS = YES_AGGRESSIVE;
				GCC_WARN_UNUSED_FUNCTION = YES;
				GCC_WARN_UNUSED_VARIABLE = YES;
				IPHONEOS_DEPLOYMENT_TARGET = 15.5;
				MTL_ENABLE_DEBUG_INFO = NO;
				MTL_FAST_MATH = YES;
				SDKROOT = iphoneos;
				SWIFT_COMPILATION_MODE = wholemodule;
				SWIFT_OPTIMIZATION_LEVEL = "-O";
				VALIDATE_PRODUCT = YES;
			};
			name = Release;
		};
		92DD4F882841D1300020CABF /* Debug */ = {
			isa = XCBuildConfiguration;
			buildSettings = {
				ASSETCATALOG_COMPILER_APPICON_NAME = AppIcon;
				ASSETCATALOG_COMPILER_GLOBAL_ACCENT_COLOR_NAME = AccentColor;
				CODE_SIGN_STYLE = Automatic;
				CURRENT_PROJECT_VERSION = 1;
				DEVELOPMENT_TEAM = PU64TS56AD;
				GENERATE_INFOPLIST_FILE = YES;
				INFOPLIST_FILE = "Movie-Practice/Global/Info.plist";
				INFOPLIST_KEY_UIApplicationSupportsIndirectInputEvents = YES;
				INFOPLIST_KEY_UILaunchStoryboardName = LaunchScreen;
				INFOPLIST_KEY_UIMainStoryboardFile = Main;
				INFOPLIST_KEY_UISupportedInterfaceOrientations_iPad = "UIInterfaceOrientationPortrait UIInterfaceOrientationPortraitUpsideDown UIInterfaceOrientationLandscapeLeft UIInterfaceOrientationLandscapeRight";
				INFOPLIST_KEY_UISupportedInterfaceOrientations_iPhone = "UIInterfaceOrientationPortrait UIInterfaceOrientationLandscapeLeft UIInterfaceOrientationLandscapeRight";
				LD_RUNPATH_SEARCH_PATHS = (
					"$(inherited)",
					"@executable_path/Frameworks",
				);
				MARKETING_VERSION = 1.0;
				PRODUCT_BUNDLE_IDENTIFIER = "soyeon.Movie-Practice";
				PRODUCT_NAME = "$(TARGET_NAME)";
				SWIFT_EMIT_LOC_STRINGS = YES;
				SWIFT_VERSION = 5.0;
				TARGETED_DEVICE_FAMILY = "1,2";
			};
			name = Debug;
		};
		92DD4F892841D1300020CABF /* Release */ = {
			isa = XCBuildConfiguration;
			buildSettings = {
				ASSETCATALOG_COMPILER_APPICON_NAME = AppIcon;
				ASSETCATALOG_COMPILER_GLOBAL_ACCENT_COLOR_NAME = AccentColor;
				CODE_SIGN_STYLE = Automatic;
				CURRENT_PROJECT_VERSION = 1;
				DEVELOPMENT_TEAM = PU64TS56AD;
				GENERATE_INFOPLIST_FILE = YES;
				INFOPLIST_FILE = "Movie-Practice/Global/Info.plist";
				INFOPLIST_KEY_UIApplicationSupportsIndirectInputEvents = YES;
				INFOPLIST_KEY_UILaunchStoryboardName = LaunchScreen;
				INFOPLIST_KEY_UIMainStoryboardFile = Main;
				INFOPLIST_KEY_UISupportedInterfaceOrientations_iPad = "UIInterfaceOrientationPortrait UIInterfaceOrientationPortraitUpsideDown UIInterfaceOrientationLandscapeLeft UIInterfaceOrientationLandscapeRight";
				INFOPLIST_KEY_UISupportedInterfaceOrientations_iPhone = "UIInterfaceOrientationPortrait UIInterfaceOrientationLandscapeLeft UIInterfaceOrientationLandscapeRight";
				LD_RUNPATH_SEARCH_PATHS = (
					"$(inherited)",
					"@executable_path/Frameworks",
				);
				MARKETING_VERSION = 1.0;
				PRODUCT_BUNDLE_IDENTIFIER = "soyeon.Movie-Practice";
				PRODUCT_NAME = "$(TARGET_NAME)";
				SWIFT_EMIT_LOC_STRINGS = YES;
				SWIFT_VERSION = 5.0;
				TARGETED_DEVICE_FAMILY = "1,2";
			};
			name = Release;
		};
/* End XCBuildConfiguration section */

/* Begin XCConfigurationList section */
		92DD4F6E2841D12C0020CABF /* Build configuration list for PBXProject "Movie-Practice" */ = {
			isa = XCConfigurationList;
			buildConfigurations = (
				92DD4F852841D1300020CABF /* Debug */,
				92DD4F862841D1300020CABF /* Release */,
			);
			defaultConfigurationIsVisible = 0;
			defaultConfigurationName = Release;
		};
		92DD4F872841D1300020CABF /* Build configuration list for PBXNativeTarget "Movie-Practice" */ = {
			isa = XCConfigurationList;
			buildConfigurations = (
				92DD4F882841D1300020CABF /* Debug */,
				92DD4F892841D1300020CABF /* Release */,
			);
			defaultConfigurationIsVisible = 0;
			defaultConfigurationName = Release;
		};
/* End XCConfigurationList section */

/* Begin XCRemoteSwiftPackageReference section */
		928615492845201300A31F81 /* XCRemoteSwiftPackageReference "SnapKit" */ = {
			isa = XCRemoteSwiftPackageReference;
			repositoryURL = "https://github.com/SnapKit/SnapKit.git";
			requirement = {
				branch = develop;
				kind = branch;
			};
		};
		9286154C2845202400A31F81 /* XCRemoteSwiftPackageReference "Then" */ = {
			isa = XCRemoteSwiftPackageReference;
			repositoryURL = "https://github.com/devxoul/Then";
			requirement = {
				branch = master;
				kind = branch;
			};
		};
/* End XCRemoteSwiftPackageReference section */

/* Begin XCSwiftPackageProductDependency section */
		9286154A2845201300A31F81 /* SnapKit */ = {
			isa = XCSwiftPackageProductDependency;
			package = 928615492845201300A31F81 /* XCRemoteSwiftPackageReference "SnapKit" */;
			productName = SnapKit;
		};
		9286154D2845202400A31F81 /* Then */ = {
			isa = XCSwiftPackageProductDependency;
			package = 9286154C2845202400A31F81 /* XCRemoteSwiftPackageReference "Then" */;
			productName = Then;
		};
/* End XCSwiftPackageProductDependency section */
	};
	rootObject = 92DD4F6B2841D12C0020CABF /* Project object */;
}
