// !$*UTF8*$!
{
	archiveVersion = 1;
	classes = {
	};
	objectVersion = 55;
	objects = {

/* Begin PBXBuildFile section */
		923E4C0828539385008369E1 /* MovieMainViewController.swift in Sources */ = {isa = PBXBuildFile; fileRef = 923E4C0728539385008369E1 /* MovieMainViewController.swift */; };
		923E4C0C28539440008369E1 /* Moya in Frameworks */ = {isa = PBXBuildFile; productRef = 923E4C0B28539440008369E1 /* Moya */; };
		92CA8D3828491B090014282E /* AppDelegate.swift in Sources */ = {isa = PBXBuildFile; fileRef = 92CA8D3728491B090014282E /* AppDelegate.swift */; };
		92CA8D3A28491B090014282E /* SceneDelegate.swift in Sources */ = {isa = PBXBuildFile; fileRef = 92CA8D3928491B090014282E /* SceneDelegate.swift */; };
		92CA8D3C28491B090014282E /* FetchAlbumsViewController.swift in Sources */ = {isa = PBXBuildFile; fileRef = 92CA8D3B28491B090014282E /* FetchAlbumsViewController.swift */; };
		92CA8D3F28491B090014282E /* Main.storyboard in Resources */ = {isa = PBXBuildFile; fileRef = 92CA8D3D28491B090014282E /* Main.storyboard */; };
		92CA8D4128491B0A0014282E /* Assets.xcassets in Resources */ = {isa = PBXBuildFile; fileRef = 92CA8D4028491B0A0014282E /* Assets.xcassets */; };
		92CA8D4428491B0A0014282E /* LaunchScreen.storyboard in Resources */ = {isa = PBXBuildFile; fileRef = 92CA8D4228491B0A0014282E /* LaunchScreen.storyboard */; };
		92CA8D4C28491B380014282E /* AlbumsFetcher.swift in Sources */ = {isa = PBXBuildFile; fileRef = 92CA8D4B28491B380014282E /* AlbumsFetcher.swift */; };
		92CA8D5028491F660014282E /* MovieViewController.swift in Sources */ = {isa = PBXBuildFile; fileRef = 92CA8D4F28491F660014282E /* MovieViewController.swift */; };
		92CA8D52284920500014282E /* Movie.swift in Sources */ = {isa = PBXBuildFile; fileRef = 92CA8D51284920500014282E /* Movie.swift */; };
		92CA8D54284920810014282E /* MovieFetcher.swift in Sources */ = {isa = PBXBuildFile; fileRef = 92CA8D53284920810014282E /* MovieFetcher.swift */; };
		92CA8D56284921D40014282E /* MovieCollectionViewCell.swift in Sources */ = {isa = PBXBuildFile; fileRef = 92CA8D55284921D40014282E /* MovieCollectionViewCell.swift */; };
/* End PBXBuildFile section */

/* Begin PBXFileReference section */
		923E4C0728539385008369E1 /* MovieMainViewController.swift */ = {isa = PBXFileReference; lastKnownFileType = sourcecode.swift; path = MovieMainViewController.swift; sourceTree = "<group>"; };
		92CA8D3428491B090014282E /* Concurrency-Practice.app */ = {isa = PBXFileReference; explicitFileType = wrapper.application; includeInIndex = 0; path = "Concurrency-Practice.app"; sourceTree = BUILT_PRODUCTS_DIR; };
		92CA8D3728491B090014282E /* AppDelegate.swift */ = {isa = PBXFileReference; lastKnownFileType = sourcecode.swift; path = AppDelegate.swift; sourceTree = "<group>"; };
		92CA8D3928491B090014282E /* SceneDelegate.swift */ = {isa = PBXFileReference; lastKnownFileType = sourcecode.swift; path = SceneDelegate.swift; sourceTree = "<group>"; };
		92CA8D3B28491B090014282E /* FetchAlbumsViewController.swift */ = {isa = PBXFileReference; lastKnownFileType = sourcecode.swift; path = FetchAlbumsViewController.swift; sourceTree = "<group>"; };
		92CA8D3E28491B090014282E /* Base */ = {isa = PBXFileReference; lastKnownFileType = file.storyboard; name = Base; path = Base.lproj/Main.storyboard; sourceTree = "<group>"; };
		92CA8D4028491B0A0014282E /* Assets.xcassets */ = {isa = PBXFileReference; lastKnownFileType = folder.assetcatalog; path = Assets.xcassets; sourceTree = "<group>"; };
		92CA8D4328491B0A0014282E /* Base */ = {isa = PBXFileReference; lastKnownFileType = file.storyboard; name = Base; path = Base.lproj/LaunchScreen.storyboard; sourceTree = "<group>"; };
		92CA8D4528491B0A0014282E /* Info.plist */ = {isa = PBXFileReference; lastKnownFileType = text.plist.xml; path = Info.plist; sourceTree = "<group>"; };
		92CA8D4B28491B380014282E /* AlbumsFetcher.swift */ = {isa = PBXFileReference; lastKnownFileType = sourcecode.swift; path = AlbumsFetcher.swift; sourceTree = "<group>"; };
		92CA8D4F28491F660014282E /* MovieViewController.swift */ = {isa = PBXFileReference; lastKnownFileType = sourcecode.swift; path = MovieViewController.swift; sourceTree = "<group>"; };
		92CA8D51284920500014282E /* Movie.swift */ = {isa = PBXFileReference; lastKnownFileType = sourcecode.swift; path = Movie.swift; sourceTree = "<group>"; };
		92CA8D53284920810014282E /* MovieFetcher.swift */ = {isa = PBXFileReference; lastKnownFileType = sourcecode.swift; path = MovieFetcher.swift; sourceTree = "<group>"; };
		92CA8D55284921D40014282E /* MovieCollectionViewCell.swift */ = {isa = PBXFileReference; lastKnownFileType = sourcecode.swift; path = MovieCollectionViewCell.swift; sourceTree = "<group>"; };
/* End PBXFileReference section */

/* Begin PBXFrameworksBuildPhase section */
		92CA8D3128491B090014282E /* Frameworks */ = {
			isa = PBXFrameworksBuildPhase;
			buildActionMask = 2147483647;
			files = (
				923E4C0C28539440008369E1 /* Moya in Frameworks */,
			);
			runOnlyForDeploymentPostprocessing = 0;
		};
/* End PBXFrameworksBuildPhase section */

/* Begin PBXGroup section */
		923E4C0628539351008369E1 /* MoyaMovie */ = {
			isa = PBXGroup;
			children = (
				923E4C0E28539511008369E1 /* Screen */,
				923E4C0D28539508008369E1 /* Network */,
			);
			path = MoyaMovie;
			sourceTree = "<group>";
		};
		923E4C0D28539508008369E1 /* Network */ = {
			isa = PBXGroup;
			children = (
				923E4C1228539545008369E1 /* Base */,
				923E4C1128539540008369E1 /* API */,
				923E4C0F2853951F008369E1 /* Service */,
			);
			path = Network;
			sourceTree = "<group>";
		};
		923E4C0E28539511008369E1 /* Screen */ = {
			isa = PBXGroup;
			children = (
				923E4C0728539385008369E1 /* MovieMainViewController.swift */,
			);
			path = Screen;
			sourceTree = "<group>";
		};
		923E4C0F2853951F008369E1 /* Service */ = {
			isa = PBXGroup;
			children = (
			);
			path = Service;
			sourceTree = "<group>";
		};
		923E4C1128539540008369E1 /* API */ = {
			isa = PBXGroup;
			children = (
			);
			path = API;
			sourceTree = "<group>";
		};
		923E4C1228539545008369E1 /* Base */ = {
			isa = PBXGroup;
			children = (
			);
			path = Base;
			sourceTree = "<group>";
		};
		92CA8D2B28491B090014282E = {
			isa = PBXGroup;
			children = (
				92CA8D3628491B090014282E /* Concurrency-Practice */,
				92CA8D3528491B090014282E /* Products */,
			);
			sourceTree = "<group>";
		};
		92CA8D3528491B090014282E /* Products */ = {
			isa = PBXGroup;
			children = (
				92CA8D3428491B090014282E /* Concurrency-Practice.app */,
			);
			name = Products;
			sourceTree = "<group>";
		};
		92CA8D3628491B090014282E /* Concurrency-Practice */ = {
			isa = PBXGroup;
			children = (
				923E4C0628539351008369E1 /* MoyaMovie */,
				92CA8D4E28491F130014282E /* Movie */,
				92CA8D4D28491F050014282E /* Album */,
				92CA8D3728491B090014282E /* AppDelegate.swift */,
				92CA8D3928491B090014282E /* SceneDelegate.swift */,
				92CA8D3D28491B090014282E /* Main.storyboard */,
				92CA8D4028491B0A0014282E /* Assets.xcassets */,
				92CA8D4228491B0A0014282E /* LaunchScreen.storyboard */,
				92CA8D4528491B0A0014282E /* Info.plist */,
			);
			path = "Concurrency-Practice";
			sourceTree = "<group>";
		};
		92CA8D4D28491F050014282E /* Album */ = {
			isa = PBXGroup;
			children = (
				92CA8D3B28491B090014282E /* FetchAlbumsViewController.swift */,
				92CA8D4B28491B380014282E /* AlbumsFetcher.swift */,
			);
			path = Album;
			sourceTree = "<group>";
		};
		92CA8D4E28491F130014282E /* Movie */ = {
			isa = PBXGroup;
			children = (
				92CA8D4F28491F660014282E /* MovieViewController.swift */,
				92CA8D51284920500014282E /* Movie.swift */,
				92CA8D53284920810014282E /* MovieFetcher.swift */,
				92CA8D55284921D40014282E /* MovieCollectionViewCell.swift */,
			);
			path = Movie;
			sourceTree = "<group>";
		};
/* End PBXGroup section */

/* Begin PBXNativeTarget section */
		92CA8D3328491B090014282E /* Concurrency-Practice */ = {
			isa = PBXNativeTarget;
			buildConfigurationList = 92CA8D4828491B0A0014282E /* Build configuration list for PBXNativeTarget "Concurrency-Practice" */;
			buildPhases = (
				92CA8D3028491B090014282E /* Sources */,
				92CA8D3128491B090014282E /* Frameworks */,
				92CA8D3228491B090014282E /* Resources */,
			);
			buildRules = (
			);
			dependencies = (
			);
			name = "Concurrency-Practice";
			packageProductDependencies = (
				923E4C0B28539440008369E1 /* Moya */,
			);
			productName = "Concurrency-Practice";
			productReference = 92CA8D3428491B090014282E /* Concurrency-Practice.app */;
			productType = "com.apple.product-type.application";
		};
/* End PBXNativeTarget section */

/* Begin PBXProject section */
		92CA8D2C28491B090014282E /* Project object */ = {
			isa = PBXProject;
			attributes = {
				BuildIndependentTargetsInParallel = 1;
				LastSwiftUpdateCheck = 1340;
				LastUpgradeCheck = 1340;
				TargetAttributes = {
					92CA8D3328491B090014282E = {
						CreatedOnToolsVersion = 13.4;
					};
				};
			};
			buildConfigurationList = 92CA8D2F28491B090014282E /* Build configuration list for PBXProject "Concurrency-Practice" */;
			compatibilityVersion = "Xcode 13.0";
			developmentRegion = en;
			hasScannedForEncodings = 0;
			knownRegions = (
				en,
				Base,
			);
			mainGroup = 92CA8D2B28491B090014282E;
			packageReferences = (
				923E4C0A28539440008369E1 /* XCRemoteSwiftPackageReference "Moya" */,
			);
			productRefGroup = 92CA8D3528491B090014282E /* Products */;
			projectDirPath = "";
			projectRoot = "";
			targets = (
				92CA8D3328491B090014282E /* Concurrency-Practice */,
			);
		};
/* End PBXProject section */

/* Begin PBXResourcesBuildPhase section */
		92CA8D3228491B090014282E /* Resources */ = {
			isa = PBXResourcesBuildPhase;
			buildActionMask = 2147483647;
			files = (
				92CA8D4428491B0A0014282E /* LaunchScreen.storyboard in Resources */,
				92CA8D4128491B0A0014282E /* Assets.xcassets in Resources */,
				92CA8D3F28491B090014282E /* Main.storyboard in Resources */,
			);
			runOnlyForDeploymentPostprocessing = 0;
		};
/* End PBXResourcesBuildPhase section */

/* Begin PBXSourcesBuildPhase section */
		92CA8D3028491B090014282E /* Sources */ = {
			isa = PBXSourcesBuildPhase;
			buildActionMask = 2147483647;
			files = (
				92CA8D3C28491B090014282E /* FetchAlbumsViewController.swift in Sources */,
				92CA8D5028491F660014282E /* MovieViewController.swift in Sources */,
				92CA8D54284920810014282E /* MovieFetcher.swift in Sources */,
				92CA8D52284920500014282E /* Movie.swift in Sources */,
				92CA8D3828491B090014282E /* AppDelegate.swift in Sources */,
				92CA8D3A28491B090014282E /* SceneDelegate.swift in Sources */,
				92CA8D4C28491B380014282E /* AlbumsFetcher.swift in Sources */,
				923E4C0828539385008369E1 /* MovieMainViewController.swift in Sources */,
				92CA8D56284921D40014282E /* MovieCollectionViewCell.swift in Sources */,
			);
			runOnlyForDeploymentPostprocessing = 0;
		};
/* End PBXSourcesBuildPhase section */

/* Begin PBXVariantGroup section */
		92CA8D3D28491B090014282E /* Main.storyboard */ = {
			isa = PBXVariantGroup;
			children = (
				92CA8D3E28491B090014282E /* Base */,
			);
			name = Main.storyboard;
			sourceTree = "<group>";
		};
		92CA8D4228491B0A0014282E /* LaunchScreen.storyboard */ = {
			isa = PBXVariantGroup;
			children = (
				92CA8D4328491B0A0014282E /* Base */,
			);
			name = LaunchScreen.storyboard;
			sourceTree = "<group>";
		};
/* End PBXVariantGroup section */

/* Begin XCBuildConfiguration section */
		92CA8D4628491B0A0014282E /* Debug */ = {
			isa = XCBuildConfiguration;
			buildSettings = {
				ALWAYS_SEARCH_USER_PATHS = NO;
				CLANG_ANALYZER_NONNULL = YES;
				CLANG_ANALYZER_NUMBER_OBJECT_CONVERSION = YES_AGGRESSIVE;
				CLANG_CXX_LANGUAGE_STANDARD = "gnu++17";
				CLANG_ENABLE_MODULES = YES;
				CLANG_ENABLE_OBJC_ARC = YES;
				CLANG_ENABLE_OBJC_WEAK = YES;
				CLANG_WARN_BLOCK_CAPTURE_AUTORELEASING = YES;
				CLANG_WARN_BOOL_CONVERSION = YES;
				CLANG_WARN_COMMA = YES;
				CLANG_WARN_CONSTANT_CONVERSION = YES;
				CLANG_WARN_DEPRECATED_OBJC_IMPLEMENTATIONS = YES;
				CLANG_WARN_DIRECT_OBJC_ISA_USAGE = YES_ERROR;
				CLANG_WARN_DOCUMENTATION_COMMENTS = YES;
				CLANG_WARN_EMPTY_BODY = YES;
				CLANG_WARN_ENUM_CONVERSION = YES;
				CLANG_WARN_INFINITE_RECURSION = YES;
				CLANG_WARN_INT_CONVERSION = YES;
				CLANG_WARN_NON_LITERAL_NULL_CONVERSION = YES;
				CLANG_WARN_OBJC_IMPLICIT_RETAIN_SELF = YES;
				CLANG_WARN_OBJC_LITERAL_CONVERSION = YES;
				CLANG_WARN_OBJC_ROOT_CLASS = YES_ERROR;
				CLANG_WARN_QUOTED_INCLUDE_IN_FRAMEWORK_HEADER = YES;
				CLANG_WARN_RANGE_LOOP_ANALYSIS = YES;
				CLANG_WARN_STRICT_PROTOTYPES = YES;
				CLANG_WARN_SUSPICIOUS_MOVE = YES;
				CLANG_WARN_UNGUARDED_AVAILABILITY = YES_AGGRESSIVE;
				CLANG_WARN_UNREACHABLE_CODE = YES;
				CLANG_WARN__DUPLICATE_METHOD_MATCH = YES;
				COPY_PHASE_STRIP = NO;
				DEBUG_INFORMATION_FORMAT = dwarf;
				ENABLE_STRICT_OBJC_MSGSEND = YES;
				ENABLE_TESTABILITY = YES;
				GCC_C_LANGUAGE_STANDARD = gnu11;
				GCC_DYNAMIC_NO_PIC = NO;
				GCC_NO_COMMON_BLOCKS = YES;
				GCC_OPTIMIZATION_LEVEL = 0;
				GCC_PREPROCESSOR_DEFINITIONS = (
					"DEBUG=1",
					"$(inherited)",
				);
				GCC_WARN_64_TO_32_BIT_CONVERSION = YES;
				GCC_WARN_ABOUT_RETURN_TYPE = YES_ERROR;
				GCC_WARN_UNDECLARED_SELECTOR = YES;
				GCC_WARN_UNINITIALIZED_AUTOS = YES_AGGRESSIVE;
				GCC_WARN_UNUSED_FUNCTION = YES;
				GCC_WARN_UNUSED_VARIABLE = YES;
				IPHONEOS_DEPLOYMENT_TARGET = 15.5;
				MTL_ENABLE_DEBUG_INFO = INCLUDE_SOURCE;
				MTL_FAST_MATH = YES;
				ONLY_ACTIVE_ARCH = YES;
				SDKROOT = iphoneos;
				SWIFT_ACTIVE_COMPILATION_CONDITIONS = DEBUG;
				SWIFT_OPTIMIZATION_LEVEL = "-Onone";
			};
			name = Debug;
		};
		92CA8D4728491B0A0014282E /* Release */ = {
			isa = XCBuildConfiguration;
			buildSettings = {
				ALWAYS_SEARCH_USER_PATHS = NO;
				CLANG_ANALYZER_NONNULL = YES;
				CLANG_ANALYZER_NUMBER_OBJECT_CONVERSION = YES_AGGRESSIVE;
				CLANG_CXX_LANGUAGE_STANDARD = "gnu++17";
				CLANG_ENABLE_MODULES = YES;
				CLANG_ENABLE_OBJC_ARC = YES;
				CLANG_ENABLE_OBJC_WEAK = YES;
				CLANG_WARN_BLOCK_CAPTURE_AUTORELEASING = YES;
				CLANG_WARN_BOOL_CONVERSION = YES;
				CLANG_WARN_COMMA = YES;
				CLANG_WARN_CONSTANT_CONVERSION = YES;
				CLANG_WARN_DEPRECATED_OBJC_IMPLEMENTATIONS = YES;
				CLANG_WARN_DIRECT_OBJC_ISA_USAGE = YES_ERROR;
				CLANG_WARN_DOCUMENTATION_COMMENTS = YES;
				CLANG_WARN_EMPTY_BODY = YES;
				CLANG_WARN_ENUM_CONVERSION = YES;
				CLANG_WARN_INFINITE_RECURSION = YES;
				CLANG_WARN_INT_CONVERSION = YES;
				CLANG_WARN_NON_LITERAL_NULL_CONVERSION = YES;
				CLANG_WARN_OBJC_IMPLICIT_RETAIN_SELF = YES;
				CLANG_WARN_OBJC_LITERAL_CONVERSION = YES;
				CLANG_WARN_OBJC_ROOT_CLASS = YES_ERROR;
				CLANG_WARN_QUOTED_INCLUDE_IN_FRAMEWORK_HEADER = YES;
				CLANG_WARN_RANGE_LOOP_ANALYSIS = YES;
				CLANG_WARN_STRICT_PROTOTYPES = YES;
				CLANG_WARN_SUSPICIOUS_MOVE = YES;
				CLANG_WARN_UNGUARDED_AVAILABILITY = YES_AGGRESSIVE;
				CLANG_WARN_UNREACHABLE_CODE = YES;
				CLANG_WARN__DUPLICATE_METHOD_MATCH = YES;
				COPY_PHASE_STRIP = NO;
				DEBUG_INFORMATION_FORMAT = "dwarf-with-dsym";
				ENABLE_NS_ASSERTIONS = NO;
				ENABLE_STRICT_OBJC_MSGSEND = YES;
				GCC_C_LANGUAGE_STANDARD = gnu11;
				GCC_NO_COMMON_BLOCKS = YES;
				GCC_WARN_64_TO_32_BIT_CONVERSION = YES;
				GCC_WARN_ABOUT_RETURN_TYPE = YES_ERROR;
				GCC_WARN_UNDECLARED_SELECTOR = YES;
				GCC_WARN_UNINITIALIZED_AUTOS = YES_AGGRESSIVE;
				GCC_WARN_UNUSED_FUNCTION = YES;
				GCC_WARN_UNUSED_VARIABLE = YES;
				IPHONEOS_DEPLOYMENT_TARGET = 15.5;
				MTL_ENABLE_DEBUG_INFO = NO;
				MTL_FAST_MATH = YES;
				SDKROOT = iphoneos;
				SWIFT_COMPILATION_MODE = wholemodule;
				SWIFT_OPTIMIZATION_LEVEL = "-O";
				VALIDATE_PRODUCT = YES;
			};
			name = Release;
		};
		92CA8D4928491B0A0014282E /* Debug */ = {
			isa = XCBuildConfiguration;
			buildSettings = {
				ASSETCATALOG_COMPILER_APPICON_NAME = AppIcon;
				ASSETCATALOG_COMPILER_GLOBAL_ACCENT_COLOR_NAME = AccentColor;
				CODE_SIGN_STYLE = Automatic;
				CURRENT_PROJECT_VERSION = 1;
				DEVELOPMENT_TEAM = PU64TS56AD;
				GENERATE_INFOPLIST_FILE = YES;
				INFOPLIST_FILE = "Concurrency-Practice/Info.plist";
				INFOPLIST_KEY_UIApplicationSupportsIndirectInputEvents = YES;
				INFOPLIST_KEY_UILaunchStoryboardName = LaunchScreen;
				INFOPLIST_KEY_UIMainStoryboardFile = Main;
				INFOPLIST_KEY_UISupportedInterfaceOrientations_iPad = "UIInterfaceOrientationPortrait UIInterfaceOrientationPortraitUpsideDown UIInterfaceOrientationLandscapeLeft UIInterfaceOrientationLandscapeRight";
				INFOPLIST_KEY_UISupportedInterfaceOrientations_iPhone = "UIInterfaceOrientationPortrait UIInterfaceOrientationLandscapeLeft UIInterfaceOrientationLandscapeRight";
				LD_RUNPATH_SEARCH_PATHS = (
					"$(inherited)",
					"@executable_path/Frameworks",
				);
				MARKETING_VERSION = 1.0;
				PRODUCT_BUNDLE_IDENTIFIER = "soyeon.Concurrency-Practice";
				PRODUCT_NAME = "$(TARGET_NAME)";
				SWIFT_EMIT_LOC_STRINGS = YES;
				SWIFT_VERSION = 5.0;
				TARGETED_DEVICE_FAMILY = "1,2";
			};
			name = Debug;
		};
		92CA8D4A28491B0A0014282E /* Release */ = {
			isa = XCBuildConfiguration;
			buildSettings = {
				ASSETCATALOG_COMPILER_APPICON_NAME = AppIcon;
				ASSETCATALOG_COMPILER_GLOBAL_ACCENT_COLOR_NAME = AccentColor;
				CODE_SIGN_STYLE = Automatic;
				CURRENT_PROJECT_VERSION = 1;
				DEVELOPMENT_TEAM = PU64TS56AD;
				GENERATE_INFOPLIST_FILE = YES;
				INFOPLIST_FILE = "Concurrency-Practice/Info.plist";
				INFOPLIST_KEY_UIApplicationSupportsIndirectInputEvents = YES;
				INFOPLIST_KEY_UILaunchStoryboardName = LaunchScreen;
				INFOPLIST_KEY_UIMainStoryboardFile = Main;
				INFOPLIST_KEY_UISupportedInterfaceOrientations_iPad = "UIInterfaceOrientationPortrait UIInterfaceOrientationPortraitUpsideDown UIInterfaceOrientationLandscapeLeft UIInterfaceOrientationLandscapeRight";
				INFOPLIST_KEY_UISupportedInterfaceOrientations_iPhone = "UIInterfaceOrientationPortrait UIInterfaceOrientationLandscapeLeft UIInterfaceOrientationLandscapeRight";
				LD_RUNPATH_SEARCH_PATHS = (
					"$(inherited)",
					"@executable_path/Frameworks",
				);
				MARKETING_VERSION = 1.0;
				PRODUCT_BUNDLE_IDENTIFIER = "soyeon.Concurrency-Practice";
				PRODUCT_NAME = "$(TARGET_NAME)";
				SWIFT_EMIT_LOC_STRINGS = YES;
				SWIFT_VERSION = 5.0;
				TARGETED_DEVICE_FAMILY = "1,2";
			};
			name = Release;
		};
/* End XCBuildConfiguration section */

/* Begin XCConfigurationList section */
		92CA8D2F28491B090014282E /* Build configuration list for PBXProject "Concurrency-Practice" */ = {
			isa = XCConfigurationList;
			buildConfigurations = (
				92CA8D4628491B0A0014282E /* Debug */,
				92CA8D4728491B0A0014282E /* Release */,
			);
			defaultConfigurationIsVisible = 0;
			defaultConfigurationName = Release;
		};
		92CA8D4828491B0A0014282E /* Build configuration list for PBXNativeTarget "Concurrency-Practice" */ = {
			isa = XCConfigurationList;
			buildConfigurations = (
				92CA8D4928491B0A0014282E /* Debug */,
				92CA8D4A28491B0A0014282E /* Release */,
			);
			defaultConfigurationIsVisible = 0;
			defaultConfigurationName = Release;
		};
/* End XCConfigurationList section */

/* Begin XCRemoteSwiftPackageReference section */
		923E4C0A28539440008369E1 /* XCRemoteSwiftPackageReference "Moya" */ = {
			isa = XCRemoteSwiftPackageReference;
			repositoryURL = "https://github.com/Moya/Moya.git";
			requirement = {
				branch = master;
				kind = branch;
			};
		};
/* End XCRemoteSwiftPackageReference section */

/* Begin XCSwiftPackageProductDependency section */
		923E4C0B28539440008369E1 /* Moya */ = {
			isa = XCSwiftPackageProductDependency;
			package = 923E4C0A28539440008369E1 /* XCRemoteSwiftPackageReference "Moya" */;
			productName = Moya;
		};
/* End XCSwiftPackageProductDependency section */
	};
	rootObject = 92CA8D2C28491B090014282E /* Project object */;
}
